// !$*UTF8*$!
{
	archiveVersion = 1;
	classes = {
	};
	objectVersion = 46;
	objects = {

/* Begin PBXBuildFile section */
		DC30BE71186DBA8D0038E94D /* ps_capture_icon.png in Resources */ = {isa = PBXBuildFile; fileRef = DC30BE6E186DBA8D0038E94D /* ps_capture_icon.png */; };
		DC30BE72186DBA8D0038E94D /* ps_capture_icon@2x.png in Resources */ = {isa = PBXBuildFile; fileRef = DC30BE6F186DBA8D0038E94D /* ps_capture_icon@2x.png */; };
		DC317AA41860B0F500B66D89 /* buttom_bar_portrain@2x.png in Resources */ = {isa = PBXBuildFile; fileRef = DC317AA31860B0F500B66D89 /* buttom_bar_portrain@2x.png */; };
		DC3B7143186DC1DF00B8A3EE /* camera_icon.png in Resources */ = {isa = PBXBuildFile; fileRef = DC3B7140186DC1DF00B8A3EE /* camera_icon.png */; };
		DC3B7144186DC1DF00B8A3EE /* photo_icon.png in Resources */ = {isa = PBXBuildFile; fileRef = DC3B7141186DC1DF00B8A3EE /* photo_icon.png */; };
		DC3B7145186DC1DF00B8A3EE /* photo_icon@2x.png in Resources */ = {isa = PBXBuildFile; fileRef = DC3B7142186DC1DF00B8A3EE /* photo_icon@2x.png */; };
		DC4DCD77185A2073003C8EE0 /* close-icon.png in Resources */ = {isa = PBXBuildFile; fileRef = DC4DCD75185A2073003C8EE0 /* close-icon.png */; };
		DC4DCD78185A2073003C8EE0 /* close-icon@2x.png in Resources */ = {isa = PBXBuildFile; fileRef = DC4DCD76185A2073003C8EE0 /* close-icon@2x.png */; };
		DC617178184C18B600F5B2D5 /* PSFilterData.m in Sources */ = {isa = PBXBuildFile; fileRef = DC617177184C18B600F5B2D5 /* PSFilterData.m */; };
		DC72BA4118770B2F000A4A65 /* gridview_lc.png in Resources */ = {isa = PBXBuildFile; fileRef = DC72BA3D18770B2F000A4A65 /* gridview_lc.png */; };
		DC72BA4218770B2F000A4A65 /* gridview_lc@2x.png in Resources */ = {isa = PBXBuildFile; fileRef = DC72BA3E18770B2F000A4A65 /* gridview_lc@2x.png */; };
		DC72BA4318770B2F000A4A65 /* gridview_pt.png in Resources */ = {isa = PBXBuildFile; fileRef = DC72BA3F18770B2F000A4A65 /* gridview_pt.png */; };
		DC72BA4418770B2F000A4A65 /* gridview_pt@2x.png in Resources */ = {isa = PBXBuildFile; fileRef = DC72BA4018770B2F000A4A65 /* gridview_pt@2x.png */; };
		DC7746051848208200888915 /* Foundation.framework in Frameworks */ = {isa = PBXBuildFile; fileRef = DC7746041848208200888915 /* Foundation.framework */; };
		DC7746071848208200888915 /* CoreGraphics.framework in Frameworks */ = {isa = PBXBuildFile; fileRef = DC7746061848208200888915 /* CoreGraphics.framework */; };
		DC7746091848208200888915 /* UIKit.framework in Frameworks */ = {isa = PBXBuildFile; fileRef = DC7746081848208200888915 /* UIKit.framework */; };
		DC77460F1848208200888915 /* InfoPlist.strings in Resources */ = {isa = PBXBuildFile; fileRef = DC77460D1848208200888915 /* InfoPlist.strings */; };
		DC7746111848208200888915 /* main.m in Sources */ = {isa = PBXBuildFile; fileRef = DC7746101848208200888915 /* main.m */; };
		DC7746151848208200888915 /* PSAppDelegate.m in Sources */ = {isa = PBXBuildFile; fileRef = DC7746141848208200888915 /* PSAppDelegate.m */; };
		DC7746171848208200888915 /* Images.xcassets in Resources */ = {isa = PBXBuildFile; fileRef = DC7746161848208200888915 /* Images.xcassets */; };
		DC77461E1848208300888915 /* XCTest.framework in Frameworks */ = {isa = PBXBuildFile; fileRef = DC77461D1848208200888915 /* XCTest.framework */; };
		DC77461F1848208300888915 /* Foundation.framework in Frameworks */ = {isa = PBXBuildFile; fileRef = DC7746041848208200888915 /* Foundation.framework */; };
		DC7746201848208300888915 /* UIKit.framework in Frameworks */ = {isa = PBXBuildFile; fileRef = DC7746081848208200888915 /* UIKit.framework */; };
		DC7746281848208300888915 /* InfoPlist.strings in Resources */ = {isa = PBXBuildFile; fileRef = DC7746261848208300888915 /* InfoPlist.strings */; };
		DC77462A1848208300888915 /* PhoneSkopeTests.m in Sources */ = {isa = PBXBuildFile; fileRef = DC7746291848208300888915 /* PhoneSkopeTests.m */; };
		DC7746341848250200888915 /* GPUImage.framework in Frameworks */ = {isa = PBXBuildFile; fileRef = DC7746331848250200888915 /* GPUImage.framework */; };
		DC7746A51848259800888915 /* PSCustomCell.m in Sources */ = {isa = PBXBuildFile; fileRef = DC77463A1848259800888915 /* PSCustomCell.m */; };
		DC7746A61848259800888915 /* PSCustomCell.xib in Resources */ = {isa = PBXBuildFile; fileRef = DC77463B1848259800888915 /* PSCustomCell.xib */; };
		DC7746A71848259800888915 /* PSCameraViewController.m in Sources */ = {isa = PBXBuildFile; fileRef = DC77463D1848259800888915 /* PSCameraViewController.m */; };
		DC7746A81848259800888915 /* PSCameraViewController.xib in Resources */ = {isa = PBXBuildFile; fileRef = DC77463E1848259800888915 /* PSCameraViewController.xib */; };
		DC7746A91848259800888915 /* PSFilterManager.m in Sources */ = {isa = PBXBuildFile; fileRef = DC77463F1848259800888915 /* PSFilterManager.m */; };
		DC7746AA1848259800888915 /* A_letter@2x.png in Resources */ = {isa = PBXBuildFile; fileRef = DC7746411848259800888915 /* A_letter@2x.png */; };
		DC7746AB1848259800888915 /* bg-btn-no-select.png in Resources */ = {isa = PBXBuildFile; fileRef = DC7746421848259800888915 /* bg-btn-no-select.png */; };
		DC7746AC1848259800888915 /* bg-btn-no-select@2x.png in Resources */ = {isa = PBXBuildFile; fileRef = DC7746431848259800888915 /* bg-btn-no-select@2x.png */; };
		DC7746AD1848259800888915 /* bg-btn-selected.png in Resources */ = {isa = PBXBuildFile; fileRef = DC7746441848259800888915 /* bg-btn-selected.png */; };
		DC7746AE1848259800888915 /* bg-btn-selected@2x.png in Resources */ = {isa = PBXBuildFile; fileRef = DC7746451848259800888915 /* bg-btn-selected@2x.png */; };
		DC7746AF1848259800888915 /* bg-flash-btn-no-select@2x.png in Resources */ = {isa = PBXBuildFile; fileRef = DC7746461848259800888915 /* bg-flash-btn-no-select@2x.png */; };
		DC7746B01848259800888915 /* bg-flash-btn-selected@2x.png in Resources */ = {isa = PBXBuildFile; fileRef = DC7746471848259800888915 /* bg-flash-btn-selected@2x.png */; };
		DC7746B11848259800888915 /* buttom_bar@2x.png in Resources */ = {isa = PBXBuildFile; fileRef = DC7746481848259800888915 /* buttom_bar@2x.png */; };
		DC7746B21848259800888915 /* camera_background@2x.png in Resources */ = {isa = PBXBuildFile; fileRef = DC7746491848259800888915 /* camera_background@2x.png */; };
		DC7746B31848259800888915 /* camera_icon@2x.png in Resources */ = {isa = PBXBuildFile; fileRef = DC77464A1848259800888915 /* camera_icon@2x.png */; };
		DC7746B41848259800888915 /* camera_menu_icon@2x.png in Resources */ = {isa = PBXBuildFile; fileRef = DC77464B1848259800888915 /* camera_menu_icon@2x.png */; };
		DC7746B51848259800888915 /* camera_rotate_image@2x.png in Resources */ = {isa = PBXBuildFile; fileRef = DC77464C1848259800888915 /* camera_rotate_image@2x.png */; };
		DC7746B61848259800888915 /* camera_start_rotate_image@2x.png in Resources */ = {isa = PBXBuildFile; fileRef = DC77464D1848259800888915 /* camera_start_rotate_image@2x.png */; };
		DC7746B71848259800888915 /* check-icon@2x.png in Resources */ = {isa = PBXBuildFile; fileRef = DC77464E1848259800888915 /* check-icon@2x.png */; };
		DC7746B81848259800888915 /* flash_icon@2x.png in Resources */ = {isa = PBXBuildFile; fileRef = DC77464F1848259800888915 /* flash_icon@2x.png */; };
		DC7746B91848259800888915 /* flash_select@2x.png in Resources */ = {isa = PBXBuildFile; fileRef = DC7746501848259800888915 /* flash_select@2x.png */; };
		DC7746BA1848259800888915 /* icon-flash-auto-focus@2x.png in Resources */ = {isa = PBXBuildFile; fileRef = DC7746511848259800888915 /* icon-flash-auto-focus@2x.png */; };
		DC7746BB1848259800888915 /* icon-flash-auto@2x.png in Resources */ = {isa = PBXBuildFile; fileRef = DC7746521848259800888915 /* icon-flash-auto@2x.png */; };
		DC7746BC1848259800888915 /* icon-flash-focus@2x.png in Resources */ = {isa = PBXBuildFile; fileRef = DC7746531848259800888915 /* icon-flash-focus@2x.png */; };
		DC7746BD1848259800888915 /* icon-flash-off-focus@2x.png in Resources */ = {isa = PBXBuildFile; fileRef = DC7746541848259800888915 /* icon-flash-off-focus@2x.png */; };
		DC7746BE1848259800888915 /* icon-flash-off@2x.png in Resources */ = {isa = PBXBuildFile; fileRef = DC7746551848259800888915 /* icon-flash-off@2x.png */; };
		DC7746BF1848259800888915 /* icon-flash-sound-focus@2x.png in Resources */ = {isa = PBXBuildFile; fileRef = DC7746561848259800888915 /* icon-flash-sound-focus@2x.png */; };
		DC7746C01848259800888915 /* icon-flash-sound@2x.png in Resources */ = {isa = PBXBuildFile; fileRef = DC7746571848259800888915 /* icon-flash-sound@2x.png */; };
		DC7746C11848259800888915 /* icon-flash@2x.png in Resources */ = {isa = PBXBuildFile; fileRef = DC7746581848259800888915 /* icon-flash@2x.png */; };
		DC7746C31848259800888915 /* infor@2x.png in Resources */ = {isa = PBXBuildFile; fileRef = DC77465A1848259800888915 /* infor@2x.png */; };
		DC7746C41848259800888915 /* infor_leftbutton@2x.png in Resources */ = {isa = PBXBuildFile; fileRef = DC77465B1848259800888915 /* infor_leftbutton@2x.png */; };
		DC7746C51848259800888915 /* infor_rightbutton@2x.png in Resources */ = {isa = PBXBuildFile; fileRef = DC77465C1848259800888915 /* infor_rightbutton@2x.png */; };
		DC7746C61848259800888915 /* menulist_icon@2x.png in Resources */ = {isa = PBXBuildFile; fileRef = DC77465D1848259800888915 /* menulist_icon@2x.png */; };
		DC7746C71848259800888915 /* menulist_icon_highlight@2x.png in Resources */ = {isa = PBXBuildFile; fileRef = DC77465E1848259800888915 /* menulist_icon_highlight@2x.png */; };
		DC7746C81848259800888915 /* next@2x.png in Resources */ = {isa = PBXBuildFile; fileRef = DC77465F1848259800888915 /* next@2x.png */; };
		DC7746C91848259800888915 /* optionButton@2x.png in Resources */ = {isa = PBXBuildFile; fileRef = DC7746601848259800888915 /* optionButton@2x.png */; };
		DC7746CA1848259800888915 /* optionbutton_highlight@2x.png in Resources */ = {isa = PBXBuildFile; fileRef = DC7746611848259800888915 /* optionbutton_highlight@2x.png */; };
		DC7746CB1848259800888915 /* other_background@2x.png in Resources */ = {isa = PBXBuildFile; fileRef = DC7746621848259800888915 /* other_background@2x.png */; };
		DC7746CC1848259800888915 /* other_menu_icon@2x.png in Resources */ = {isa = PBXBuildFile; fileRef = DC7746631848259800888915 /* other_menu_icon@2x.png */; };
		DC7746CD1848259800888915 /* photo_menu_icon@2x.png in Resources */ = {isa = PBXBuildFile; fileRef = DC7746641848259800888915 /* photo_menu_icon@2x.png */; };
		DC7746CE1848259800888915 /* photo_menu_icon_highlight@2x.png in Resources */ = {isa = PBXBuildFile; fileRef = DC7746651848259800888915 /* photo_menu_icon_highlight@2x.png */; };
		DC7746CF1848259800888915 /* rectImage@2x.png in Resources */ = {isa = PBXBuildFile; fileRef = DC7746661848259800888915 /* rectImage@2x.png */; };
		DC7746D01848259800888915 /* segment_1px_no_select.png in Resources */ = {isa = PBXBuildFile; fileRef = DC7746671848259800888915 /* segment_1px_no_select.png */; };
		DC7746D11848259800888915 /* segment_1px_no_select@2x.png in Resources */ = {isa = PBXBuildFile; fileRef = DC7746681848259800888915 /* segment_1px_no_select@2x.png */; };
		DC7746D21848259800888915 /* segment_1px_selected.png in Resources */ = {isa = PBXBuildFile; fileRef = DC7746691848259800888915 /* segment_1px_selected.png */; };
		DC7746D31848259800888915 /* segment_1px_selected@2x.png in Resources */ = {isa = PBXBuildFile; fileRef = DC77466A1848259800888915 /* segment_1px_selected@2x.png */; };
		DC7746D41848259800888915 /* segment_divider.png in Resources */ = {isa = PBXBuildFile; fileRef = DC77466B1848259800888915 /* segment_divider.png */; };
		DC7746D51848259800888915 /* segment_divider@2x.png in Resources */ = {isa = PBXBuildFile; fileRef = DC77466C1848259800888915 /* segment_divider@2x.png */; };
		DC7746D61848259800888915 /* split@2x.png in Resources */ = {isa = PBXBuildFile; fileRef = DC77466D1848259800888915 /* split@2x.png */; };
		DC7746D71848259800888915 /* split_round@2x.png in Resources */ = {isa = PBXBuildFile; fileRef = DC77466E1848259800888915 /* split_round@2x.png */; };
		DC7746D81848259800888915 /* switch_off@2x.png in Resources */ = {isa = PBXBuildFile; fileRef = DC77466F1848259800888915 /* switch_off@2x.png */; };
		DC7746D91848259800888915 /* switch_on@2x.png in Resources */ = {isa = PBXBuildFile; fileRef = DC7746701848259800888915 /* switch_on@2x.png */; };
		DC7746DA1848259800888915 /* switchOne_off@2x.png in Resources */ = {isa = PBXBuildFile; fileRef = DC7746711848259800888915 /* switchOne_off@2x.png */; };
		DC7746DB1848259800888915 /* switchOne_on@2x.png in Resources */ = {isa = PBXBuildFile; fileRef = DC7746721848259800888915 /* switchOne_on@2x.png */; };
		DC7746DC1848259800888915 /* switchTwo_off@2x.png in Resources */ = {isa = PBXBuildFile; fileRef = DC7746731848259800888915 /* switchTwo_off@2x.png */; };
		DC7746DD1848259800888915 /* switchTwo_on@2x.png in Resources */ = {isa = PBXBuildFile; fileRef = DC7746741848259800888915 /* switchTwo_on@2x.png */; };
		DC7746DE1848259800888915 /* textboxSplit@2x.png in Resources */ = {isa = PBXBuildFile; fileRef = DC7746751848259800888915 /* textboxSplit@2x.png */; };
		DC7746DF1848259800888915 /* video_capture_icon@2x.png in Resources */ = {isa = PBXBuildFile; fileRef = DC7746761848259800888915 /* video_capture_icon@2x.png */; };
		DC7746E01848259800888915 /* zoom_normal@2x.png in Resources */ = {isa = PBXBuildFile; fileRef = DC7746771848259800888915 /* zoom_normal@2x.png */; };
		DC7746E11848259800888915 /* zoom_out@2x.png in Resources */ = {isa = PBXBuildFile; fileRef = DC7746781848259800888915 /* zoom_out@2x.png */; };
		DC7746E21848259800888915 /* zoom_selected@2x.png in Resources */ = {isa = PBXBuildFile; fileRef = DC7746791848259800888915 /* zoom_selected@2x.png */; };
		DC7746E41848259800888915 /* CustomSwitch.m in Sources */ = {isa = PBXBuildFile; fileRef = DC7746801848259800888915 /* CustomSwitch.m */; settings = {COMPILER_FLAGS = "-fno-objc-arc"; }; };
		DC7746E51848259800888915 /* CustomSwitch.xib in Resources */ = {isa = PBXBuildFile; fileRef = DC7746811848259800888915 /* CustomSwitch.xib */; };
		DC7746E61848259800888915 /* PSBrightness.m in Sources */ = {isa = PBXBuildFile; fileRef = DC7746841848259800888915 /* PSBrightness.m */; };
		DC7746E71848259800888915 /* PSContrast.m in Sources */ = {isa = PBXBuildFile; fileRef = DC7746861848259800888915 /* PSContrast.m */; };
		DC7746E81848259800888915 /* PSCrop.m in Sources */ = {isa = PBXBuildFile; fileRef = DC7746881848259800888915 /* PSCrop.m */; };
		DC7746E91848259800888915 /* PSExposureCompensation.m in Sources */ = {isa = PBXBuildFile; fileRef = DC77468A1848259800888915 /* PSExposureCompensation.m */; };
		DC7746EA1848259800888915 /* PSExposureMode.m in Sources */ = {isa = PBXBuildFile; fileRef = DC77468C1848259800888915 /* PSExposureMode.m */; };
		DC7746EB1848259800888915 /* PSFaceDetection.m in Sources */ = {isa = PBXBuildFile; fileRef = DC77468E1848259800888915 /* PSFaceDetection.m */; };
		DC7746EC1848259800888915 /* PSFocusMode.m in Sources */ = {isa = PBXBuildFile; fileRef = DC7746901848259800888915 /* PSFocusMode.m */; };
		DC7746ED1848259800888915 /* PSMotionDetector.m in Sources */ = {isa = PBXBuildFile; fileRef = DC7746921848259800888915 /* PSMotionDetector.m */; };
		DC7746EE1848259800888915 /* PSRGB.m in Sources */ = {isa = PBXBuildFile; fileRef = DC7746941848259800888915 /* PSRGB.m */; };
		DC7746EF1848259800888915 /* PSSaturation.m in Sources */ = {isa = PBXBuildFile; fileRef = DC7746961848259800888915 /* PSSaturation.m */; };
		DC7746F01848259800888915 /* PSSceneMode.m in Sources */ = {isa = PBXBuildFile; fileRef = DC7746981848259800888915 /* PSSceneMode.m */; };
		DC7746F11848259800888915 /* PSSharpness.m in Sources */ = {isa = PBXBuildFile; fileRef = DC77469A1848259800888915 /* PSSharpness.m */; };
		DC7746F21848259800888915 /* PSTransform_2D.m in Sources */ = {isa = PBXBuildFile; fileRef = DC77469C1848259800888915 /* PSTransform_2D.m */; };
		DC7746F31848259800888915 /* PSTransform_3D.m in Sources */ = {isa = PBXBuildFile; fileRef = DC77469E1848259800888915 /* PSTransform_3D.m */; };
		DC7746F41848259800888915 /* PSWhiteBalance.m in Sources */ = {isa = PBXBuildFile; fileRef = DC7746A01848259800888915 /* PSWhiteBalance.m */; };
		DC7746F718482B4400888915 /* bg.png in Resources */ = {isa = PBXBuildFile; fileRef = DC7746F618482B4400888915 /* bg.png */; };
		DC86B2BB1875BB9900ED72E1 /* img_thumb.png in Resources */ = {isa = PBXBuildFile; fileRef = DC86B2B91875BB9900ED72E1 /* img_thumb.png */; };
		DC86B2BC1875BB9900ED72E1 /* img_thumb@2x.png in Resources */ = {isa = PBXBuildFile; fileRef = DC86B2BA1875BB9900ED72E1 /* img_thumb@2x.png */; };
		DC8BB78C186A03E2001D4E28 /* ELCAlbumPickerController.m in Sources */ = {isa = PBXBuildFile; fileRef = DC8BB77B186A03E2001D4E28 /* ELCAlbumPickerController.m */; };
		DC8BB78D186A03E2001D4E28 /* ELCAsset.m in Sources */ = {isa = PBXBuildFile; fileRef = DC8BB77D186A03E2001D4E28 /* ELCAsset.m */; };
		DC8BB78E186A03E2001D4E28 /* ELCAssetCell.m in Sources */ = {isa = PBXBuildFile; fileRef = DC8BB77F186A03E2001D4E28 /* ELCAssetCell.m */; };
		DC8BB78F186A03E2001D4E28 /* ELCAssetTablePicker.m in Sources */ = {isa = PBXBuildFile; fileRef = DC8BB783186A03E2001D4E28 /* ELCAssetTablePicker.m */; };
		DC8BB790186A03E2001D4E28 /* ELCImagePickerController.m in Sources */ = {isa = PBXBuildFile; fileRef = DC8BB785186A03E2001D4E28 /* ELCImagePickerController.m */; };
		DC8BB791186A03E2001D4E28 /* ELCAlbumPickerController.xib in Resources */ = {isa = PBXBuildFile; fileRef = DC8BB787186A03E2001D4E28 /* ELCAlbumPickerController.xib */; };
		DC8BB792186A03E2001D4E28 /* ELCAssetPicker.xib in Resources */ = {isa = PBXBuildFile; fileRef = DC8BB788186A03E2001D4E28 /* ELCAssetPicker.xib */; };
		DC8BB793186A03E2001D4E28 /* ELCAssetTablePicker.xib in Resources */ = {isa = PBXBuildFile; fileRef = DC8BB789186A03E2001D4E28 /* ELCAssetTablePicker.xib */; };
		DC8BB794186A03E2001D4E28 /* Overlay.png in Resources */ = {isa = PBXBuildFile; fileRef = DC8BB78A186A03E2001D4E28 /* Overlay.png */; };
		DC8BB795186A03E2001D4E28 /* Overlay@2x.png in Resources */ = {isa = PBXBuildFile; fileRef = DC8BB78B186A03E2001D4E28 /* Overlay@2x.png */; };
		DC8BB799186A03FB001D4E28 /* GalleryViewController.m in Sources */ = {isa = PBXBuildFile; fileRef = DC8BB797186A03FB001D4E28 /* GalleryViewController.m */; };
		DC8BB79A186A03FB001D4E28 /* GalleryViewController.xib in Resources */ = {isa = PBXBuildFile; fileRef = DC8BB798186A03FB001D4E28 /* GalleryViewController.xib */; };
		DC8F6598184CA1AB00953DBA /* PSSegmentControl.m in Sources */ = {isa = PBXBuildFile; fileRef = DC8F6597184CA1AB00953DBA /* PSSegmentControl.m */; };
		DC8F659F184D757300953DBA /* AssetsLibrary.framework in Frameworks */ = {isa = PBXBuildFile; fileRef = DC8F659E184D757300953DBA /* AssetsLibrary.framework */; };
		DC90EDF818603B2E00CB6A64 /* splash-ip5.png in Resources */ = {isa = PBXBuildFile; fileRef = DC90EDF418603B2E00CB6A64 /* splash-ip5.png */; };
		DC90EDF918603B2E00CB6A64 /* Default-568h@2x.png in Resources */ = {isa = PBXBuildFile; fileRef = DC90EDF518603B2E00CB6A64 /* Default-568h@2x.png */; };
		DC90EDFA18603B2E00CB6A64 /* Default.png in Resources */ = {isa = PBXBuildFile; fileRef = DC90EDF618603B2E00CB6A64 /* Default.png */; };
		DC90EDFB18603B2E00CB6A64 /* Default~iphone.png in Resources */ = {isa = PBXBuildFile; fileRef = DC90EDF718603B2E00CB6A64 /* Default~iphone.png */; };
		DC964E2A18577AC700E740FF /* TVCalibratedSlider.m in Sources */ = {isa = PBXBuildFile; fileRef = DC964E2718577AC600E740FF /* TVCalibratedSlider.m */; };
		DC964E2B18577AC700E740FF /* TVSlider.m in Sources */ = {isa = PBXBuildFile; fileRef = DC964E2918577AC600E740FF /* TVSlider.m */; };
		DC964E3618577F8F00E740FF /* marker.png in Resources */ = {isa = PBXBuildFile; fileRef = DC964E2C18577F8F00E740FF /* marker.png */; };
		DC964E3718577F8F00E740FF /* marker@2x.png in Resources */ = {isa = PBXBuildFile; fileRef = DC964E2D18577F8F00E740FF /* marker@2x.png */; };
		DC964E3818577F8F00E740FF /* slider_blue.png in Resources */ = {isa = PBXBuildFile; fileRef = DC964E2E18577F8F00E740FF /* slider_blue.png */; };
		DC964E3918577F8F00E740FF /* slider_blue@2x.png in Resources */ = {isa = PBXBuildFile; fileRef = DC964E2F18577F8F00E740FF /* slider_blue@2x.png */; };
		DC964E3A18577F8F00E740FF /* slider_gray.png in Resources */ = {isa = PBXBuildFile; fileRef = DC964E3018577F8F00E740FF /* slider_gray.png */; };
		DC964E3B18577F8F00E740FF /* slider_gray@2x.png in Resources */ = {isa = PBXBuildFile; fileRef = DC964E3118577F8F00E740FF /* slider_gray@2x.png */; };
		DC964E3C18577F8F00E740FF /* slider_hover.png in Resources */ = {isa = PBXBuildFile; fileRef = DC964E3218577F8F00E740FF /* slider_hover.png */; };
		DC964E3D18577F8F00E740FF /* slider_hover@2x.png in Resources */ = {isa = PBXBuildFile; fileRef = DC964E3318577F8F00E740FF /* slider_hover@2x.png */; };
		DC964E3E18577F8F00E740FF /* slider_normal.png in Resources */ = {isa = PBXBuildFile; fileRef = DC964E3418577F8F00E740FF /* slider_normal.png */; };
		DC964E3F18577F8F00E740FF /* slider_normal@2x.png in Resources */ = {isa = PBXBuildFile; fileRef = DC964E3518577F8F00E740FF /* slider_normal@2x.png */; };
		DCB92EE9185F58E300847154 /* CoreLocation.framework in Frameworks */ = {isa = PBXBuildFile; fileRef = DCB92EE8185F58E300847154 /* CoreLocation.framework */; };
		DCD02451186C80DB00930DC3 /* Icon-72.png in Resources */ = {isa = PBXBuildFile; fileRef = DCD0244D186C80DB00930DC3 /* Icon-72.png */; };
		DCD02452186C80DB00930DC3 /* Icon-72@2x.png in Resources */ = {isa = PBXBuildFile; fileRef = DCD0244E186C80DB00930DC3 /* Icon-72@2x.png */; };
		DCD02453186C80DB00930DC3 /* icon.png in Resources */ = {isa = PBXBuildFile; fileRef = DCD0244F186C80DB00930DC3 /* icon.png */; };
		DCD02454186C80DB00930DC3 /* icon@2x.png in Resources */ = {isa = PBXBuildFile; fileRef = DCD02450186C80DB00930DC3 /* icon@2x.png */; };
		DCD02456186C813500930DC3 /* icon_restina@2x.png in Resources */ = {isa = PBXBuildFile; fileRef = DCD02455186C813400930DC3 /* icon_restina@2x.png */; };
		DCD0245A186C81D000930DC3 /* icon29x29.png in Resources */ = {isa = PBXBuildFile; fileRef = DCD02457186C81D000930DC3 /* icon29x29.png */; };
		DCD0245B186C81D000930DC3 /* icon58x58.png in Resources */ = {isa = PBXBuildFile; fileRef = DCD02458186C81D000930DC3 /* icon58x58.png */; };
		DCD0245C186C81D000930DC3 /* icon80x80.png in Resources */ = {isa = PBXBuildFile; fileRef = DCD02459186C81D000930DC3 /* icon80x80.png */; };
		DCD0245F186C841700930DC3 /* info.png in Resources */ = {isa = PBXBuildFile; fileRef = DCD0245D186C841600930DC3 /* info.png */; };
		DCD02460186C841700930DC3 /* info@2x.png in Resources */ = {isa = PBXBuildFile; fileRef = DCD0245E186C841700930DC3 /* info@2x.png */; };
/* End PBXBuildFile section */

/* Begin PBXContainerItemProxy section */
		DC7746211848208300888915 /* PBXContainerItemProxy */ = {
			isa = PBXContainerItemProxy;
			containerPortal = DC7745F91848208200888915 /* Project object */;
			proxyType = 1;
			remoteGlobalIDString = DC7746001848208200888915;
			remoteInfo = PhoneSkope;
		};
/* End PBXContainerItemProxy section */

/* Begin PBXFileReference section */
		DC30BE6E186DBA8D0038E94D /* ps_capture_icon.png */ = {isa = PBXFileReference; lastKnownFileType = image.png; path = ps_capture_icon.png; sourceTree = "<group>"; };
		DC30BE6F186DBA8D0038E94D /* ps_capture_icon@2x.png */ = {isa = PBXFileReference; lastKnownFileType = image.png; path = "ps_capture_icon@2x.png"; sourceTree = "<group>"; };
		DC317AA31860B0F500B66D89 /* buttom_bar_portrain@2x.png */ = {isa = PBXFileReference; lastKnownFileType = image.png; path = "buttom_bar_portrain@2x.png"; sourceTree = "<group>"; };
		DC3B7140186DC1DF00B8A3EE /* camera_icon.png */ = {isa = PBXFileReference; lastKnownFileType = image.png; path = camera_icon.png; sourceTree = "<group>"; };
		DC3B7141186DC1DF00B8A3EE /* photo_icon.png */ = {isa = PBXFileReference; lastKnownFileType = image.png; path = photo_icon.png; sourceTree = "<group>"; };
		DC3B7142186DC1DF00B8A3EE /* photo_icon@2x.png */ = {isa = PBXFileReference; lastKnownFileType = image.png; path = "photo_icon@2x.png"; sourceTree = "<group>"; };
		DC4DCD75185A2073003C8EE0 /* close-icon.png */ = {isa = PBXFileReference; lastKnownFileType = image.png; path = "close-icon.png"; sourceTree = "<group>"; };
		DC4DCD76185A2073003C8EE0 /* close-icon@2x.png */ = {isa = PBXFileReference; lastKnownFileType = image.png; path = "close-icon@2x.png"; sourceTree = "<group>"; };
		DC617176184C18B600F5B2D5 /* PSFilterData.h */ = {isa = PBXFileReference; fileEncoding = 4; lastKnownFileType = sourcecode.c.h; name = PSFilterData.h; path = model/PSFilterData.h; sourceTree = "<group>"; };
		DC617177184C18B600F5B2D5 /* PSFilterData.m */ = {isa = PBXFileReference; fileEncoding = 4; lastKnownFileType = sourcecode.c.objc; name = PSFilterData.m; path = model/PSFilterData.m; sourceTree = "<group>"; };
		DC72BA3D18770B2F000A4A65 /* gridview_lc.png */ = {isa = PBXFileReference; lastKnownFileType = image.png; path = gridview_lc.png; sourceTree = "<group>"; };
		DC72BA3E18770B2F000A4A65 /* gridview_lc@2x.png */ = {isa = PBXFileReference; lastKnownFileType = image.png; path = "gridview_lc@2x.png"; sourceTree = "<group>"; };
		DC72BA3F18770B2F000A4A65 /* gridview_pt.png */ = {isa = PBXFileReference; lastKnownFileType = image.png; path = gridview_pt.png; sourceTree = "<group>"; };
		DC72BA4018770B2F000A4A65 /* gridview_pt@2x.png */ = {isa = PBXFileReference; lastKnownFileType = image.png; path = "gridview_pt@2x.png"; sourceTree = "<group>"; };
		DC7746011848208200888915 /* PhoneSkope.app */ = {isa = PBXFileReference; explicitFileType = wrapper.application; includeInIndex = 0; path = PhoneSkope.app; sourceTree = BUILT_PRODUCTS_DIR; };
		DC7746041848208200888915 /* Foundation.framework */ = {isa = PBXFileReference; lastKnownFileType = wrapper.framework; name = Foundation.framework; path = System/Library/Frameworks/Foundation.framework; sourceTree = SDKROOT; };
		DC7746061848208200888915 /* CoreGraphics.framework */ = {isa = PBXFileReference; lastKnownFileType = wrapper.framework; name = CoreGraphics.framework; path = System/Library/Frameworks/CoreGraphics.framework; sourceTree = SDKROOT; };
		DC7746081848208200888915 /* UIKit.framework */ = {isa = PBXFileReference; lastKnownFileType = wrapper.framework; name = UIKit.framework; path = System/Library/Frameworks/UIKit.framework; sourceTree = SDKROOT; };
		DC77460C1848208200888915 /* PhoneSkope-Info.plist */ = {isa = PBXFileReference; lastKnownFileType = text.plist.xml; path = "PhoneSkope-Info.plist"; sourceTree = "<group>"; };
		DC77460E1848208200888915 /* en */ = {isa = PBXFileReference; lastKnownFileType = text.plist.strings; name = en; path = en.lproj/InfoPlist.strings; sourceTree = "<group>"; };
		DC7746101848208200888915 /* main.m */ = {isa = PBXFileReference; lastKnownFileType = sourcecode.c.objc; path = main.m; sourceTree = "<group>"; };
		DC7746121848208200888915 /* PhoneSkope-Prefix.pch */ = {isa = PBXFileReference; lastKnownFileType = sourcecode.c.h; path = "PhoneSkope-Prefix.pch"; sourceTree = "<group>"; };
		DC7746131848208200888915 /* PSAppDelegate.h */ = {isa = PBXFileReference; lastKnownFileType = sourcecode.c.h; path = PSAppDelegate.h; sourceTree = "<group>"; };
		DC7746141848208200888915 /* PSAppDelegate.m */ = {isa = PBXFileReference; lastKnownFileType = sourcecode.c.objc; path = PSAppDelegate.m; sourceTree = "<group>"; };
		DC7746161848208200888915 /* Images.xcassets */ = {isa = PBXFileReference; lastKnownFileType = folder.assetcatalog; path = Images.xcassets; sourceTree = "<group>"; };
		DC77461C1848208200888915 /* PhoneSkopeTests.xctest */ = {isa = PBXFileReference; explicitFileType = wrapper.cfbundle; includeInIndex = 0; path = PhoneSkopeTests.xctest; sourceTree = BUILT_PRODUCTS_DIR; };
		DC77461D1848208200888915 /* XCTest.framework */ = {isa = PBXFileReference; lastKnownFileType = wrapper.framework; name = XCTest.framework; path = Library/Frameworks/XCTest.framework; sourceTree = DEVELOPER_DIR; };
		DC7746251848208300888915 /* PhoneSkopeTests-Info.plist */ = {isa = PBXFileReference; lastKnownFileType = text.plist.xml; path = "PhoneSkopeTests-Info.plist"; sourceTree = "<group>"; };
		DC7746271848208300888915 /* en */ = {isa = PBXFileReference; lastKnownFileType = text.plist.strings; name = en; path = en.lproj/InfoPlist.strings; sourceTree = "<group>"; };
		DC7746291848208300888915 /* PhoneSkopeTests.m */ = {isa = PBXFileReference; lastKnownFileType = sourcecode.c.objc; path = PhoneSkopeTests.m; sourceTree = "<group>"; };
		DC7746331848250200888915 /* GPUImage.framework */ = {isa = PBXFileReference; lastKnownFileType = wrapper.framework; path = GPUImage.framework; sourceTree = "<group>"; };
		DC7746391848259800888915 /* PSCustomCell.h */ = {isa = PBXFileReference; fileEncoding = 4; lastKnownFileType = sourcecode.c.h; path = PSCustomCell.h; sourceTree = "<group>"; };
		DC77463A1848259800888915 /* PSCustomCell.m */ = {isa = PBXFileReference; fileEncoding = 4; lastKnownFileType = sourcecode.c.objc; path = PSCustomCell.m; sourceTree = "<group>"; };
		DC77463B1848259800888915 /* PSCustomCell.xib */ = {isa = PBXFileReference; fileEncoding = 4; lastKnownFileType = file.xib; path = PSCustomCell.xib; sourceTree = "<group>"; };
		DC77463C1848259800888915 /* PSCameraViewController.h */ = {isa = PBXFileReference; fileEncoding = 4; lastKnownFileType = sourcecode.c.h; path = PSCameraViewController.h; sourceTree = "<group>"; };
		DC77463D1848259800888915 /* PSCameraViewController.m */ = {isa = PBXFileReference; fileEncoding = 4; lastKnownFileType = sourcecode.c.objc; path = PSCameraViewController.m; sourceTree = "<group>"; };
		DC77463E1848259800888915 /* PSCameraViewController.xib */ = {isa = PBXFileReference; fileEncoding = 4; lastKnownFileType = file.xib; path = PSCameraViewController.xib; sourceTree = "<group>"; };
		DC77463F1848259800888915 /* PSFilterManager.m */ = {isa = PBXFileReference; fileEncoding = 4; lastKnownFileType = sourcecode.c.objc; path = PSFilterManager.m; sourceTree = "<group>"; };
		DC7746411848259800888915 /* A_letter@2x.png */ = {isa = PBXFileReference; lastKnownFileType = image.png; path = "A_letter@2x.png"; sourceTree = "<group>"; };
		DC7746421848259800888915 /* bg-btn-no-select.png */ = {isa = PBXFileReference; lastKnownFileType = image.png; path = "bg-btn-no-select.png"; sourceTree = "<group>"; };
		DC7746431848259800888915 /* bg-btn-no-select@2x.png */ = {isa = PBXFileReference; lastKnownFileType = image.png; path = "bg-btn-no-select@2x.png"; sourceTree = "<group>"; };
		DC7746441848259800888915 /* bg-btn-selected.png */ = {isa = PBXFileReference; lastKnownFileType = image.png; path = "bg-btn-selected.png"; sourceTree = "<group>"; };
		DC7746451848259800888915 /* bg-btn-selected@2x.png */ = {isa = PBXFileReference; lastKnownFileType = image.png; path = "bg-btn-selected@2x.png"; sourceTree = "<group>"; };
		DC7746461848259800888915 /* bg-flash-btn-no-select@2x.png */ = {isa = PBXFileReference; lastKnownFileType = image.png; path = "bg-flash-btn-no-select@2x.png"; sourceTree = "<group>"; };
		DC7746471848259800888915 /* bg-flash-btn-selected@2x.png */ = {isa = PBXFileReference; lastKnownFileType = image.png; path = "bg-flash-btn-selected@2x.png"; sourceTree = "<group>"; };
		DC7746481848259800888915 /* buttom_bar@2x.png */ = {isa = PBXFileReference; lastKnownFileType = image.png; path = "buttom_bar@2x.png"; sourceTree = "<group>"; };
		DC7746491848259800888915 /* camera_background@2x.png */ = {isa = PBXFileReference; lastKnownFileType = image.png; path = "camera_background@2x.png"; sourceTree = "<group>"; };
		DC77464A1848259800888915 /* camera_icon@2x.png */ = {isa = PBXFileReference; lastKnownFileType = image.png; path = "camera_icon@2x.png"; sourceTree = "<group>"; };
		DC77464B1848259800888915 /* camera_menu_icon@2x.png */ = {isa = PBXFileReference; lastKnownFileType = image.png; path = "camera_menu_icon@2x.png"; sourceTree = "<group>"; };
		DC77464C1848259800888915 /* camera_rotate_image@2x.png */ = {isa = PBXFileReference; lastKnownFileType = image.png; path = "camera_rotate_image@2x.png"; sourceTree = "<group>"; };
		DC77464D1848259800888915 /* camera_start_rotate_image@2x.png */ = {isa = PBXFileReference; lastKnownFileType = image.png; path = "camera_start_rotate_image@2x.png"; sourceTree = "<group>"; };
		DC77464E1848259800888915 /* check-icon@2x.png */ = {isa = PBXFileReference; lastKnownFileType = image.png; path = "check-icon@2x.png"; sourceTree = "<group>"; };
		DC77464F1848259800888915 /* flash_icon@2x.png */ = {isa = PBXFileReference; lastKnownFileType = image.png; path = "flash_icon@2x.png"; sourceTree = "<group>"; };
		DC7746501848259800888915 /* flash_select@2x.png */ = {isa = PBXFileReference; lastKnownFileType = image.png; path = "flash_select@2x.png"; sourceTree = "<group>"; };
		DC7746511848259800888915 /* icon-flash-auto-focus@2x.png */ = {isa = PBXFileReference; lastKnownFileType = image.png; path = "icon-flash-auto-focus@2x.png"; sourceTree = "<group>"; };
		DC7746521848259800888915 /* icon-flash-auto@2x.png */ = {isa = PBXFileReference; lastKnownFileType = image.png; path = "icon-flash-auto@2x.png"; sourceTree = "<group>"; };
		DC7746531848259800888915 /* icon-flash-focus@2x.png */ = {isa = PBXFileReference; lastKnownFileType = image.png; path = "icon-flash-focus@2x.png"; sourceTree = "<group>"; };
		DC7746541848259800888915 /* icon-flash-off-focus@2x.png */ = {isa = PBXFileReference; lastKnownFileType = image.png; path = "icon-flash-off-focus@2x.png"; sourceTree = "<group>"; };
		DC7746551848259800888915 /* icon-flash-off@2x.png */ = {isa = PBXFileReference; lastKnownFileType = image.png; path = "icon-flash-off@2x.png"; sourceTree = "<group>"; };
		DC7746561848259800888915 /* icon-flash-sound-focus@2x.png */ = {isa = PBXFileReference; lastKnownFileType = image.png; path = "icon-flash-sound-focus@2x.png"; sourceTree = "<group>"; };
		DC7746571848259800888915 /* icon-flash-sound@2x.png */ = {isa = PBXFileReference; lastKnownFileType = image.png; path = "icon-flash-sound@2x.png"; sourceTree = "<group>"; };
		DC7746581848259800888915 /* icon-flash@2x.png */ = {isa = PBXFileReference; lastKnownFileType = image.png; path = "icon-flash@2x.png"; sourceTree = "<group>"; };
		DC77465A1848259800888915 /* infor@2x.png */ = {isa = PBXFileReference; lastKnownFileType = image.png; path = "infor@2x.png"; sourceTree = "<group>"; };
		DC77465B1848259800888915 /* infor_leftbutton@2x.png */ = {isa = PBXFileReference; lastKnownFileType = image.png; path = "infor_leftbutton@2x.png"; sourceTree = "<group>"; };
		DC77465C1848259800888915 /* infor_rightbutton@2x.png */ = {isa = PBXFileReference; lastKnownFileType = image.png; path = "infor_rightbutton@2x.png"; sourceTree = "<group>"; };
		DC77465D1848259800888915 /* menulist_icon@2x.png */ = {isa = PBXFileReference; lastKnownFileType = image.png; path = "menulist_icon@2x.png"; sourceTree = "<group>"; };
		DC77465E1848259800888915 /* menulist_icon_highlight@2x.png */ = {isa = PBXFileReference; lastKnownFileType = image.png; path = "menulist_icon_highlight@2x.png"; sourceTree = "<group>"; };
		DC77465F1848259800888915 /* next@2x.png */ = {isa = PBXFileReference; lastKnownFileType = image.png; path = "next@2x.png"; sourceTree = "<group>"; };
		DC7746601848259800888915 /* optionButton@2x.png */ = {isa = PBXFileReference; lastKnownFileType = image.png; path = "optionButton@2x.png"; sourceTree = "<group>"; };
		DC7746611848259800888915 /* optionbutton_highlight@2x.png */ = {isa = PBXFileReference; lastKnownFileType = image.png; path = "optionbutton_highlight@2x.png"; sourceTree = "<group>"; };
		DC7746621848259800888915 /* other_background@2x.png */ = {isa = PBXFileReference; lastKnownFileType = image.png; path = "other_background@2x.png"; sourceTree = "<group>"; };
		DC7746631848259800888915 /* other_menu_icon@2x.png */ = {isa = PBXFileReference; lastKnownFileType = image.png; path = "other_menu_icon@2x.png"; sourceTree = "<group>"; };
		DC7746641848259800888915 /* photo_menu_icon@2x.png */ = {isa = PBXFileReference; lastKnownFileType = image.png; path = "photo_menu_icon@2x.png"; sourceTree = "<group>"; };
		DC7746651848259800888915 /* photo_menu_icon_highlight@2x.png */ = {isa = PBXFileReference; lastKnownFileType = image.png; path = "photo_menu_icon_highlight@2x.png"; sourceTree = "<group>"; };
		DC7746661848259800888915 /* rectImage@2x.png */ = {isa = PBXFileReference; lastKnownFileType = image.png; path = "rectImage@2x.png"; sourceTree = "<group>"; };
		DC7746671848259800888915 /* segment_1px_no_select.png */ = {isa = PBXFileReference; lastKnownFileType = image.png; path = segment_1px_no_select.png; sourceTree = "<group>"; };
		DC7746681848259800888915 /* segment_1px_no_select@2x.png */ = {isa = PBXFileReference; lastKnownFileType = image.png; path = "segment_1px_no_select@2x.png"; sourceTree = "<group>"; };
		DC7746691848259800888915 /* segment_1px_selected.png */ = {isa = PBXFileReference; lastKnownFileType = image.png; path = segment_1px_selected.png; sourceTree = "<group>"; };
		DC77466A1848259800888915 /* segment_1px_selected@2x.png */ = {isa = PBXFileReference; lastKnownFileType = image.png; path = "segment_1px_selected@2x.png"; sourceTree = "<group>"; };
		DC77466B1848259800888915 /* segment_divider.png */ = {isa = PBXFileReference; lastKnownFileType = image.png; path = segment_divider.png; sourceTree = "<group>"; };
		DC77466C1848259800888915 /* segment_divider@2x.png */ = {isa = PBXFileReference; lastKnownFileType = image.png; path = "segment_divider@2x.png"; sourceTree = "<group>"; };
		DC77466D1848259800888915 /* split@2x.png */ = {isa = PBXFileReference; lastKnownFileType = image.png; path = "split@2x.png"; sourceTree = "<group>"; };
		DC77466E1848259800888915 /* split_round@2x.png */ = {isa = PBXFileReference; lastKnownFileType = image.png; path = "split_round@2x.png"; sourceTree = "<group>"; };
		DC77466F1848259800888915 /* switch_off@2x.png */ = {isa = PBXFileReference; lastKnownFileType = image.png; path = "switch_off@2x.png"; sourceTree = "<group>"; };
		DC7746701848259800888915 /* switch_on@2x.png */ = {isa = PBXFileReference; lastKnownFileType = image.png; path = "switch_on@2x.png"; sourceTree = "<group>"; };
		DC7746711848259800888915 /* switchOne_off@2x.png */ = {isa = PBXFileReference; lastKnownFileType = image.png; path = "switchOne_off@2x.png"; sourceTree = "<group>"; };
		DC7746721848259800888915 /* switchOne_on@2x.png */ = {isa = PBXFileReference; lastKnownFileType = image.png; path = "switchOne_on@2x.png"; sourceTree = "<group>"; };
		DC7746731848259800888915 /* switchTwo_off@2x.png */ = {isa = PBXFileReference; lastKnownFileType = image.png; path = "switchTwo_off@2x.png"; sourceTree = "<group>"; };
		DC7746741848259800888915 /* switchTwo_on@2x.png */ = {isa = PBXFileReference; lastKnownFileType = image.png; path = "switchTwo_on@2x.png"; sourceTree = "<group>"; };
		DC7746751848259800888915 /* textboxSplit@2x.png */ = {isa = PBXFileReference; lastKnownFileType = image.png; path = "textboxSplit@2x.png"; sourceTree = "<group>"; };
		DC7746761848259800888915 /* video_capture_icon@2x.png */ = {isa = PBXFileReference; lastKnownFileType = image.png; path = "video_capture_icon@2x.png"; sourceTree = "<group>"; };
		DC7746771848259800888915 /* zoom_normal@2x.png */ = {isa = PBXFileReference; lastKnownFileType = image.png; path = "zoom_normal@2x.png"; sourceTree = "<group>"; };
		DC7746781848259800888915 /* zoom_out@2x.png */ = {isa = PBXFileReference; lastKnownFileType = image.png; path = "zoom_out@2x.png"; sourceTree = "<group>"; };
		DC7746791848259800888915 /* zoom_selected@2x.png */ = {isa = PBXFileReference; lastKnownFileType = image.png; path = "zoom_selected@2x.png"; sourceTree = "<group>"; };
		DC77467F1848259800888915 /* CustomSwitch.h */ = {isa = PBXFileReference; fileEncoding = 4; lastKnownFileType = sourcecode.c.h; path = CustomSwitch.h; sourceTree = "<group>"; };
		DC7746801848259800888915 /* CustomSwitch.m */ = {isa = PBXFileReference; fileEncoding = 4; lastKnownFileType = sourcecode.c.objc; path = CustomSwitch.m; sourceTree = "<group>"; };
		DC7746811848259800888915 /* CustomSwitch.xib */ = {isa = PBXFileReference; fileEncoding = 4; lastKnownFileType = file.xib; path = CustomSwitch.xib; sourceTree = "<group>"; };
		DC7746831848259800888915 /* PSBrightness.h */ = {isa = PBXFileReference; fileEncoding = 4; lastKnownFileType = sourcecode.c.h; path = PSBrightness.h; sourceTree = "<group>"; };
		DC7746841848259800888915 /* PSBrightness.m */ = {isa = PBXFileReference; fileEncoding = 4; lastKnownFileType = sourcecode.c.objc; path = PSBrightness.m; sourceTree = "<group>"; };
		DC7746851848259800888915 /* PSContrast.h */ = {isa = PBXFileReference; fileEncoding = 4; lastKnownFileType = sourcecode.c.h; path = PSContrast.h; sourceTree = "<group>"; };
		DC7746861848259800888915 /* PSContrast.m */ = {isa = PBXFileReference; fileEncoding = 4; lastKnownFileType = sourcecode.c.objc; path = PSContrast.m; sourceTree = "<group>"; };
		DC7746871848259800888915 /* PSCrop.h */ = {isa = PBXFileReference; fileEncoding = 4; lastKnownFileType = sourcecode.c.h; path = PSCrop.h; sourceTree = "<group>"; };
		DC7746881848259800888915 /* PSCrop.m */ = {isa = PBXFileReference; fileEncoding = 4; lastKnownFileType = sourcecode.c.objc; path = PSCrop.m; sourceTree = "<group>"; };
		DC7746891848259800888915 /* PSExposureCompensation.h */ = {isa = PBXFileReference; fileEncoding = 4; lastKnownFileType = sourcecode.c.h; path = PSExposureCompensation.h; sourceTree = "<group>"; };
		DC77468A1848259800888915 /* PSExposureCompensation.m */ = {isa = PBXFileReference; fileEncoding = 4; lastKnownFileType = sourcecode.c.objc; path = PSExposureCompensation.m; sourceTree = "<group>"; };
		DC77468B1848259800888915 /* PSExposureMode.h */ = {isa = PBXFileReference; fileEncoding = 4; lastKnownFileType = sourcecode.c.h; path = PSExposureMode.h; sourceTree = "<group>"; };
		DC77468C1848259800888915 /* PSExposureMode.m */ = {isa = PBXFileReference; fileEncoding = 4; lastKnownFileType = sourcecode.c.objc; path = PSExposureMode.m; sourceTree = "<group>"; };
		DC77468D1848259800888915 /* PSFaceDetection.h */ = {isa = PBXFileReference; fileEncoding = 4; lastKnownFileType = sourcecode.c.h; path = PSFaceDetection.h; sourceTree = "<group>"; };
		DC77468E1848259800888915 /* PSFaceDetection.m */ = {isa = PBXFileReference; fileEncoding = 4; lastKnownFileType = sourcecode.c.objc; path = PSFaceDetection.m; sourceTree = "<group>"; };
		DC77468F1848259800888915 /* PSFocusMode.h */ = {isa = PBXFileReference; fileEncoding = 4; lastKnownFileType = sourcecode.c.h; path = PSFocusMode.h; sourceTree = "<group>"; };
		DC7746901848259800888915 /* PSFocusMode.m */ = {isa = PBXFileReference; fileEncoding = 4; lastKnownFileType = sourcecode.c.objc; path = PSFocusMode.m; sourceTree = "<group>"; };
		DC7746911848259800888915 /* PSMotionDetector.h */ = {isa = PBXFileReference; fileEncoding = 4; lastKnownFileType = sourcecode.c.h; path = PSMotionDetector.h; sourceTree = "<group>"; };
		DC7746921848259800888915 /* PSMotionDetector.m */ = {isa = PBXFileReference; fileEncoding = 4; lastKnownFileType = sourcecode.c.objc; path = PSMotionDetector.m; sourceTree = "<group>"; };
		DC7746931848259800888915 /* PSRGB.h */ = {isa = PBXFileReference; fileEncoding = 4; lastKnownFileType = sourcecode.c.h; path = PSRGB.h; sourceTree = "<group>"; };
		DC7746941848259800888915 /* PSRGB.m */ = {isa = PBXFileReference; fileEncoding = 4; lastKnownFileType = sourcecode.c.objc; path = PSRGB.m; sourceTree = "<group>"; };
		DC7746951848259800888915 /* PSSaturation.h */ = {isa = PBXFileReference; fileEncoding = 4; lastKnownFileType = sourcecode.c.h; path = PSSaturation.h; sourceTree = "<group>"; };
		DC7746961848259800888915 /* PSSaturation.m */ = {isa = PBXFileReference; fileEncoding = 4; lastKnownFileType = sourcecode.c.objc; path = PSSaturation.m; sourceTree = "<group>"; };
		DC7746971848259800888915 /* PSSceneMode.h */ = {isa = PBXFileReference; fileEncoding = 4; lastKnownFileType = sourcecode.c.h; path = PSSceneMode.h; sourceTree = "<group>"; };
		DC7746981848259800888915 /* PSSceneMode.m */ = {isa = PBXFileReference; fileEncoding = 4; lastKnownFileType = sourcecode.c.objc; path = PSSceneMode.m; sourceTree = "<group>"; };
		DC7746991848259800888915 /* PSSharpness.h */ = {isa = PBXFileReference; fileEncoding = 4; lastKnownFileType = sourcecode.c.h; path = PSSharpness.h; sourceTree = "<group>"; };
		DC77469A1848259800888915 /* PSSharpness.m */ = {isa = PBXFileReference; fileEncoding = 4; lastKnownFileType = sourcecode.c.objc; path = PSSharpness.m; sourceTree = "<group>"; };
		DC77469B1848259800888915 /* PSTransform_2D.h */ = {isa = PBXFileReference; fileEncoding = 4; lastKnownFileType = sourcecode.c.h; path = PSTransform_2D.h; sourceTree = "<group>"; };
		DC77469C1848259800888915 /* PSTransform_2D.m */ = {isa = PBXFileReference; fileEncoding = 4; lastKnownFileType = sourcecode.c.objc; path = PSTransform_2D.m; sourceTree = "<group>"; };
		DC77469D1848259800888915 /* PSTransform_3D.h */ = {isa = PBXFileReference; fileEncoding = 4; lastKnownFileType = sourcecode.c.h; path = PSTransform_3D.h; sourceTree = "<group>"; };
		DC77469E1848259800888915 /* PSTransform_3D.m */ = {isa = PBXFileReference; fileEncoding = 4; lastKnownFileType = sourcecode.c.objc; path = PSTransform_3D.m; sourceTree = "<group>"; };
		DC77469F1848259800888915 /* PSWhiteBalance.h */ = {isa = PBXFileReference; fileEncoding = 4; lastKnownFileType = sourcecode.c.h; path = PSWhiteBalance.h; sourceTree = "<group>"; };
		DC7746A01848259800888915 /* PSWhiteBalance.m */ = {isa = PBXFileReference; fileEncoding = 4; lastKnownFileType = sourcecode.c.objc; path = PSWhiteBalance.m; sourceTree = "<group>"; };
		DC7746A11848259800888915 /* PSFilterManager.h */ = {isa = PBXFileReference; fileEncoding = 4; lastKnownFileType = sourcecode.c.h; path = PSFilterManager.h; sourceTree = "<group>"; };
		DC7746F618482B4400888915 /* bg.png */ = {isa = PBXFileReference; lastKnownFileType = image.png; path = bg.png; sourceTree = "<group>"; };
		DC86B2B91875BB9900ED72E1 /* img_thumb.png */ = {isa = PBXFileReference; lastKnownFileType = image.png; path = img_thumb.png; sourceTree = "<group>"; };
		DC86B2BA1875BB9900ED72E1 /* img_thumb@2x.png */ = {isa = PBXFileReference; lastKnownFileType = image.png; path = "img_thumb@2x.png"; sourceTree = "<group>"; };
		DC8BB77A186A03E2001D4E28 /* ELCAlbumPickerController.h */ = {isa = PBXFileReference; fileEncoding = 4; lastKnownFileType = sourcecode.c.h; path = ELCAlbumPickerController.h; sourceTree = "<group>"; };
		DC8BB77B186A03E2001D4E28 /* ELCAlbumPickerController.m */ = {isa = PBXFileReference; fileEncoding = 4; lastKnownFileType = sourcecode.c.objc; path = ELCAlbumPickerController.m; sourceTree = "<group>"; };
		DC8BB77C186A03E2001D4E28 /* ELCAsset.h */ = {isa = PBXFileReference; fileEncoding = 4; lastKnownFileType = sourcecode.c.h; path = ELCAsset.h; sourceTree = "<group>"; };
		DC8BB77D186A03E2001D4E28 /* ELCAsset.m */ = {isa = PBXFileReference; fileEncoding = 4; lastKnownFileType = sourcecode.c.objc; path = ELCAsset.m; sourceTree = "<group>"; };
		DC8BB77E186A03E2001D4E28 /* ELCAssetCell.h */ = {isa = PBXFileReference; fileEncoding = 4; lastKnownFileType = sourcecode.c.h; path = ELCAssetCell.h; sourceTree = "<group>"; };
		DC8BB77F186A03E2001D4E28 /* ELCAssetCell.m */ = {isa = PBXFileReference; fileEncoding = 4; lastKnownFileType = sourcecode.c.objc; path = ELCAssetCell.m; sourceTree = "<group>"; };
		DC8BB780186A03E2001D4E28 /* ELCAssetPickerFilterDelegate.h */ = {isa = PBXFileReference; fileEncoding = 4; lastKnownFileType = sourcecode.c.h; path = ELCAssetPickerFilterDelegate.h; sourceTree = "<group>"; };
		DC8BB781186A03E2001D4E28 /* ELCAssetSelectionDelegate.h */ = {isa = PBXFileReference; fileEncoding = 4; lastKnownFileType = sourcecode.c.h; path = ELCAssetSelectionDelegate.h; sourceTree = "<group>"; };
		DC8BB782186A03E2001D4E28 /* ELCAssetTablePicker.h */ = {isa = PBXFileReference; fileEncoding = 4; lastKnownFileType = sourcecode.c.h; path = ELCAssetTablePicker.h; sourceTree = "<group>"; };
		DC8BB783186A03E2001D4E28 /* ELCAssetTablePicker.m */ = {isa = PBXFileReference; fileEncoding = 4; lastKnownFileType = sourcecode.c.objc; path = ELCAssetTablePicker.m; sourceTree = "<group>"; };
		DC8BB784186A03E2001D4E28 /* ELCImagePickerController.h */ = {isa = PBXFileReference; fileEncoding = 4; lastKnownFileType = sourcecode.c.h; path = ELCImagePickerController.h; sourceTree = "<group>"; };
		DC8BB785186A03E2001D4E28 /* ELCImagePickerController.m */ = {isa = PBXFileReference; fileEncoding = 4; lastKnownFileType = sourcecode.c.objc; path = ELCImagePickerController.m; sourceTree = "<group>"; };
		DC8BB787186A03E2001D4E28 /* ELCAlbumPickerController.xib */ = {isa = PBXFileReference; fileEncoding = 4; lastKnownFileType = file.xib; path = ELCAlbumPickerController.xib; sourceTree = "<group>"; };
		DC8BB788186A03E2001D4E28 /* ELCAssetPicker.xib */ = {isa = PBXFileReference; fileEncoding = 4; lastKnownFileType = file.xib; path = ELCAssetPicker.xib; sourceTree = "<group>"; };
		DC8BB789186A03E2001D4E28 /* ELCAssetTablePicker.xib */ = {isa = PBXFileReference; fileEncoding = 4; lastKnownFileType = file.xib; path = ELCAssetTablePicker.xib; sourceTree = "<group>"; };
		DC8BB78A186A03E2001D4E28 /* Overlay.png */ = {isa = PBXFileReference; lastKnownFileType = image.png; path = Overlay.png; sourceTree = "<group>"; };
		DC8BB78B186A03E2001D4E28 /* Overlay@2x.png */ = {isa = PBXFileReference; lastKnownFileType = image.png; path = "Overlay@2x.png"; sourceTree = "<group>"; };
		DC8BB796186A03FB001D4E28 /* GalleryViewController.h */ = {isa = PBXFileReference; fileEncoding = 4; lastKnownFileType = sourcecode.c.h; path = GalleryViewController.h; sourceTree = "<group>"; };
		DC8BB797186A03FB001D4E28 /* GalleryViewController.m */ = {isa = PBXFileReference; fileEncoding = 4; lastKnownFileType = sourcecode.c.objc; path = GalleryViewController.m; sourceTree = "<group>"; };
		DC8BB798186A03FB001D4E28 /* GalleryViewController.xib */ = {isa = PBXFileReference; fileEncoding = 4; lastKnownFileType = file.xib; path = GalleryViewController.xib; sourceTree = "<group>"; };
		DC8F6596184CA1AB00953DBA /* PSSegmentControl.h */ = {isa = PBXFileReference; fileEncoding = 4; lastKnownFileType = sourcecode.c.h; path = PSSegmentControl.h; sourceTree = "<group>"; };
		DC8F6597184CA1AB00953DBA /* PSSegmentControl.m */ = {isa = PBXFileReference; fileEncoding = 4; lastKnownFileType = sourcecode.c.objc; path = PSSegmentControl.m; sourceTree = "<group>"; };
		DC8F659E184D757300953DBA /* AssetsLibrary.framework */ = {isa = PBXFileReference; lastKnownFileType = wrapper.framework; name = AssetsLibrary.framework; path = System/Library/Frameworks/AssetsLibrary.framework; sourceTree = SDKROOT; };
		DC90EDF418603B2E00CB6A64 /* splash-ip5.png */ = {isa = PBXFileReference; lastKnownFileType = image.png; path = "splash-ip5.png"; sourceTree = "<group>"; };
		DC90EDF518603B2E00CB6A64 /* Default-568h@2x.png */ = {isa = PBXFileReference; lastKnownFileType = image.png; path = "Default-568h@2x.png"; sourceTree = "<group>"; };
		DC90EDF618603B2E00CB6A64 /* Default.png */ = {isa = PBXFileReference; lastKnownFileType = image.png; path = Default.png; sourceTree = "<group>"; };
		DC90EDF718603B2E00CB6A64 /* Default~iphone.png */ = {isa = PBXFileReference; lastKnownFileType = image.png; path = "Default~iphone.png"; sourceTree = "<group>"; };
		DC964E2618577AC600E740FF /* TVCalibratedSlider.h */ = {isa = PBXFileReference; fileEncoding = 4; lastKnownFileType = sourcecode.c.h; path = TVCalibratedSlider.h; sourceTree = "<group>"; };
		DC964E2718577AC600E740FF /* TVCalibratedSlider.m */ = {isa = PBXFileReference; fileEncoding = 4; lastKnownFileType = sourcecode.c.objc; path = TVCalibratedSlider.m; sourceTree = "<group>"; };
		DC964E2818577AC600E740FF /* TVSlider.h */ = {isa = PBXFileReference; fileEncoding = 4; lastKnownFileType = sourcecode.c.h; path = TVSlider.h; sourceTree = "<group>"; };
		DC964E2918577AC600E740FF /* TVSlider.m */ = {isa = PBXFileReference; fileEncoding = 4; lastKnownFileType = sourcecode.c.objc; path = TVSlider.m; sourceTree = "<group>"; };
		DC964E2C18577F8F00E740FF /* marker.png */ = {isa = PBXFileReference; lastKnownFileType = image.png; path = marker.png; sourceTree = "<group>"; };
		DC964E2D18577F8F00E740FF /* marker@2x.png */ = {isa = PBXFileReference; lastKnownFileType = image.png; path = "marker@2x.png"; sourceTree = "<group>"; };
		DC964E2E18577F8F00E740FF /* slider_blue.png */ = {isa = PBXFileReference; lastKnownFileType = image.png; path = slider_blue.png; sourceTree = "<group>"; };
		DC964E2F18577F8F00E740FF /* slider_blue@2x.png */ = {isa = PBXFileReference; lastKnownFileType = image.png; path = "slider_blue@2x.png"; sourceTree = "<group>"; };
		DC964E3018577F8F00E740FF /* slider_gray.png */ = {isa = PBXFileReference; lastKnownFileType = image.png; path = slider_gray.png; sourceTree = "<group>"; };
		DC964E3118577F8F00E740FF /* slider_gray@2x.png */ = {isa = PBXFileReference; lastKnownFileType = image.png; path = "slider_gray@2x.png"; sourceTree = "<group>"; };
		DC964E3218577F8F00E740FF /* slider_hover.png */ = {isa = PBXFileReference; lastKnownFileType = image.png; path = slider_hover.png; sourceTree = "<group>"; };
		DC964E3318577F8F00E740FF /* slider_hover@2x.png */ = {isa = PBXFileReference; lastKnownFileType = image.png; path = "slider_hover@2x.png"; sourceTree = "<group>"; };
		DC964E3418577F8F00E740FF /* slider_normal.png */ = {isa = PBXFileReference; lastKnownFileType = image.png; path = slider_normal.png; sourceTree = "<group>"; };
		DC964E3518577F8F00E740FF /* slider_normal@2x.png */ = {isa = PBXFileReference; lastKnownFileType = image.png; path = "slider_normal@2x.png"; sourceTree = "<group>"; };
		DCB92EE8185F58E300847154 /* CoreLocation.framework */ = {isa = PBXFileReference; lastKnownFileType = wrapper.framework; name = CoreLocation.framework; path = System/Library/Frameworks/CoreLocation.framework; sourceTree = SDKROOT; };
		DCD0244D186C80DB00930DC3 /* Icon-72.png */ = {isa = PBXFileReference; lastKnownFileType = image.png; path = "Icon-72.png"; sourceTree = "<group>"; };
		DCD0244E186C80DB00930DC3 /* Icon-72@2x.png */ = {isa = PBXFileReference; lastKnownFileType = image.png; path = "Icon-72@2x.png"; sourceTree = "<group>"; };
		DCD0244F186C80DB00930DC3 /* icon.png */ = {isa = PBXFileReference; lastKnownFileType = image.png; path = icon.png; sourceTree = "<group>"; };
		DCD02450186C80DB00930DC3 /* icon@2x.png */ = {isa = PBXFileReference; lastKnownFileType = image.png; path = "icon@2x.png"; sourceTree = "<group>"; };
		DCD02455186C813400930DC3 /* icon_restina@2x.png */ = {isa = PBXFileReference; lastKnownFileType = image.png; path = "icon_restina@2x.png"; sourceTree = "<group>"; };
		DCD02457186C81D000930DC3 /* icon29x29.png */ = {isa = PBXFileReference; lastKnownFileType = image.png; path = icon29x29.png; sourceTree = "<group>"; };
		DCD02458186C81D000930DC3 /* icon58x58.png */ = {isa = PBXFileReference; lastKnownFileType = image.png; path = icon58x58.png; sourceTree = "<group>"; };
		DCD02459186C81D000930DC3 /* icon80x80.png */ = {isa = PBXFileReference; lastKnownFileType = image.png; path = icon80x80.png; sourceTree = "<group>"; };
		DCD0245D186C841600930DC3 /* info.png */ = {isa = PBXFileReference; lastKnownFileType = image.png; path = info.png; sourceTree = "<group>"; };
		DCD0245E186C841700930DC3 /* info@2x.png */ = {isa = PBXFileReference; lastKnownFileType = image.png; path = "info@2x.png"; sourceTree = "<group>"; };
/* End PBXFileReference section */

/* Begin PBXFrameworksBuildPhase section */
		DC7745FE1848208200888915 /* Frameworks */ = {
			isa = PBXFrameworksBuildPhase;
			buildActionMask = 2147483647;
			files = (
				DCB92EE9185F58E300847154 /* CoreLocation.framework in Frameworks */,
				DC8F659F184D757300953DBA /* AssetsLibrary.framework in Frameworks */,
				DC7746341848250200888915 /* GPUImage.framework in Frameworks */,
				DC7746071848208200888915 /* CoreGraphics.framework in Frameworks */,
				DC7746091848208200888915 /* UIKit.framework in Frameworks */,
				DC7746051848208200888915 /* Foundation.framework in Frameworks */,
			);
			runOnlyForDeploymentPostprocessing = 0;
		};
		DC7746191848208200888915 /* Frameworks */ = {
			isa = PBXFrameworksBuildPhase;
			buildActionMask = 2147483647;
			files = (
				DC77461E1848208300888915 /* XCTest.framework in Frameworks */,
				DC7746201848208300888915 /* UIKit.framework in Frameworks */,
				DC77461F1848208300888915 /* Foundation.framework in Frameworks */,
			);
			runOnlyForDeploymentPostprocessing = 0;
		};
/* End PBXFrameworksBuildPhase section */

/* Begin PBXGroup section */
		DC617172184B987A00F5B2D5 /* model */ = {
			isa = PBXGroup;
			children = (
				DC617176184C18B600F5B2D5 /* PSFilterData.h */,
				DC617177184C18B600F5B2D5 /* PSFilterData.m */,
			);
			name = model;
			sourceTree = "<group>";
		};
		DC7745F81848208200888915 = {
			isa = PBXGroup;
			children = (
				DCD02457186C81D000930DC3 /* icon29x29.png */,
				DCD02458186C81D000930DC3 /* icon58x58.png */,
				DCD02459186C81D000930DC3 /* icon80x80.png */,
				DCD02455186C813400930DC3 /* icon_restina@2x.png */,
				DCD0244D186C80DB00930DC3 /* Icon-72.png */,
				DCD0244E186C80DB00930DC3 /* Icon-72@2x.png */,
				DCD0244F186C80DB00930DC3 /* icon.png */,
				DCD02450186C80DB00930DC3 /* icon@2x.png */,
				DC77460A1848208200888915 /* PhoneSkope */,
				DC7746231848208300888915 /* PhoneSkopeTests */,
				DC7746031848208200888915 /* Frameworks */,
				DC7746021848208200888915 /* Products */,
			);
			sourceTree = "<group>";
		};
		DC7746021848208200888915 /* Products */ = {
			isa = PBXGroup;
			children = (
				DC7746011848208200888915 /* PhoneSkope.app */,
				DC77461C1848208200888915 /* PhoneSkopeTests.xctest */,
			);
			name = Products;
			sourceTree = "<group>";
		};
		DC7746031848208200888915 /* Frameworks */ = {
			isa = PBXGroup;
			children = (
				DCB92EE8185F58E300847154 /* CoreLocation.framework */,
				DC8F659E184D757300953DBA /* AssetsLibrary.framework */,
				DC7746331848250200888915 /* GPUImage.framework */,
				DC7746041848208200888915 /* Foundation.framework */,
				DC7746061848208200888915 /* CoreGraphics.framework */,
				DC7746081848208200888915 /* UIKit.framework */,
				DC77461D1848208200888915 /* XCTest.framework */,
			);
			name = Frameworks;
			sourceTree = "<group>";
		};
		DC77460A1848208200888915 /* PhoneSkope */ = {
			isa = PBXGroup;
			children = (
				DC8BB796186A03FB001D4E28 /* GalleryViewController.h */,
				DC8BB797186A03FB001D4E28 /* GalleryViewController.m */,
				DC8BB798186A03FB001D4E28 /* GalleryViewController.xib */,
				DC8BB779186A03E2001D4E28 /* ELCImagePicker */,
				DC617172184B987A00F5B2D5 /* model */,
				DC7746381848259800888915 /* CustomCell */,
				DC77463C1848259800888915 /* PSCameraViewController.h */,
				DC77463D1848259800888915 /* PSCameraViewController.m */,
				DC77463E1848259800888915 /* PSCameraViewController.xib */,
				DC7746A11848259800888915 /* PSFilterManager.h */,
				DC77463F1848259800888915 /* PSFilterManager.m */,
				DC7746401848259800888915 /* resources */,
				DC77467D1848259800888915 /* CustomView */,
				DC7746821848259800888915 /* Filter */,
				DC7746131848208200888915 /* PSAppDelegate.h */,
				DC7746141848208200888915 /* PSAppDelegate.m */,
				DC7746161848208200888915 /* Images.xcassets */,
				DC77460B1848208200888915 /* Supporting Files */,
			);
			path = PhoneSkope;
			sourceTree = "<group>";
		};
		DC77460B1848208200888915 /* Supporting Files */ = {
			isa = PBXGroup;
			children = (
				DC77460C1848208200888915 /* PhoneSkope-Info.plist */,
				DC77460D1848208200888915 /* InfoPlist.strings */,
				DC7746101848208200888915 /* main.m */,
				DC7746121848208200888915 /* PhoneSkope-Prefix.pch */,
			);
			name = "Supporting Files";
			sourceTree = "<group>";
		};
		DC7746231848208300888915 /* PhoneSkopeTests */ = {
			isa = PBXGroup;
			children = (
				DC7746291848208300888915 /* PhoneSkopeTests.m */,
				DC7746241848208300888915 /* Supporting Files */,
			);
			path = PhoneSkopeTests;
			sourceTree = "<group>";
		};
		DC7746241848208300888915 /* Supporting Files */ = {
			isa = PBXGroup;
			children = (
				DC7746251848208300888915 /* PhoneSkopeTests-Info.plist */,
				DC7746261848208300888915 /* InfoPlist.strings */,
			);
			name = "Supporting Files";
			sourceTree = "<group>";
		};
		DC7746381848259800888915 /* CustomCell */ = {
			isa = PBXGroup;
			children = (
				DC7746391848259800888915 /* PSCustomCell.h */,
				DC77463A1848259800888915 /* PSCustomCell.m */,
				DC77463B1848259800888915 /* PSCustomCell.xib */,
			);
			path = CustomCell;
			sourceTree = "<group>";
		};
		DC7746401848259800888915 /* resources */ = {
			isa = PBXGroup;
			children = (
				DC72BA3D18770B2F000A4A65 /* gridview_lc.png */,
				DC72BA3E18770B2F000A4A65 /* gridview_lc@2x.png */,
				DC72BA3F18770B2F000A4A65 /* gridview_pt.png */,
				DC72BA4018770B2F000A4A65 /* gridview_pt@2x.png */,
				DC86B2B91875BB9900ED72E1 /* img_thumb.png */,
				DC86B2BA1875BB9900ED72E1 /* img_thumb@2x.png */,
				DC3B7140186DC1DF00B8A3EE /* camera_icon.png */,
				DC3B7141186DC1DF00B8A3EE /* photo_icon.png */,
				DC3B7142186DC1DF00B8A3EE /* photo_icon@2x.png */,
				DC30BE6E186DBA8D0038E94D /* ps_capture_icon.png */,
				DC30BE6F186DBA8D0038E94D /* ps_capture_icon@2x.png */,
				DCD0245D186C841600930DC3 /* info.png */,
				DCD0245E186C841700930DC3 /* info@2x.png */,
				DC317AA31860B0F500B66D89 /* buttom_bar_portrain@2x.png */,
				DC90EDF418603B2E00CB6A64 /* splash-ip5.png */,
				DC90EDF518603B2E00CB6A64 /* Default-568h@2x.png */,
				DC90EDF618603B2E00CB6A64 /* Default.png */,
				DC90EDF718603B2E00CB6A64 /* Default~iphone.png */,
				DC4DCD75185A2073003C8EE0 /* close-icon.png */,
				DC4DCD76185A2073003C8EE0 /* close-icon@2x.png */,
				DC964E2C18577F8F00E740FF /* marker.png */,
				DC964E2D18577F8F00E740FF /* marker@2x.png */,
				DC964E2E18577F8F00E740FF /* slider_blue.png */,
				DC964E2F18577F8F00E740FF /* slider_blue@2x.png */,
				DC964E3018577F8F00E740FF /* slider_gray.png */,
				DC964E3118577F8F00E740FF /* slider_gray@2x.png */,
				DC964E3218577F8F00E740FF /* slider_hover.png */,
				DC964E3318577F8F00E740FF /* slider_hover@2x.png */,
				DC964E3418577F8F00E740FF /* slider_normal.png */,
				DC964E3518577F8F00E740FF /* slider_normal@2x.png */,
				DC7746F618482B4400888915 /* bg.png */,
				DC7746411848259800888915 /* A_letter@2x.png */,
				DC7746421848259800888915 /* bg-btn-no-select.png */,
				DC7746431848259800888915 /* bg-btn-no-select@2x.png */,
				DC7746441848259800888915 /* bg-btn-selected.png */,
				DC7746451848259800888915 /* bg-btn-selected@2x.png */,
				DC7746461848259800888915 /* bg-flash-btn-no-select@2x.png */,
				DC7746471848259800888915 /* bg-flash-btn-selected@2x.png */,
				DC7746481848259800888915 /* buttom_bar@2x.png */,
				DC7746491848259800888915 /* camera_background@2x.png */,
				DC77464A1848259800888915 /* camera_icon@2x.png */,
				DC77464B1848259800888915 /* camera_menu_icon@2x.png */,
				DC77464C1848259800888915 /* camera_rotate_image@2x.png */,
				DC77464D1848259800888915 /* camera_start_rotate_image@2x.png */,
				DC77464E1848259800888915 /* check-icon@2x.png */,
				DC77464F1848259800888915 /* flash_icon@2x.png */,
				DC7746501848259800888915 /* flash_select@2x.png */,
				DC7746511848259800888915 /* icon-flash-auto-focus@2x.png */,
				DC7746521848259800888915 /* icon-flash-auto@2x.png */,
				DC7746531848259800888915 /* icon-flash-focus@2x.png */,
				DC7746541848259800888915 /* icon-flash-off-focus@2x.png */,
				DC7746551848259800888915 /* icon-flash-off@2x.png */,
				DC7746561848259800888915 /* icon-flash-sound-focus@2x.png */,
				DC7746571848259800888915 /* icon-flash-sound@2x.png */,
				DC7746581848259800888915 /* icon-flash@2x.png */,
				DC77465A1848259800888915 /* infor@2x.png */,
				DC77465B1848259800888915 /* infor_leftbutton@2x.png */,
				DC77465C1848259800888915 /* infor_rightbutton@2x.png */,
				DC77465D1848259800888915 /* menulist_icon@2x.png */,
				DC77465E1848259800888915 /* menulist_icon_highlight@2x.png */,
				DC77465F1848259800888915 /* next@2x.png */,
				DC7746601848259800888915 /* optionButton@2x.png */,
				DC7746611848259800888915 /* optionbutton_highlight@2x.png */,
				DC7746621848259800888915 /* other_background@2x.png */,
				DC7746631848259800888915 /* other_menu_icon@2x.png */,
				DC7746641848259800888915 /* photo_menu_icon@2x.png */,
				DC7746651848259800888915 /* photo_menu_icon_highlight@2x.png */,
				DC7746661848259800888915 /* rectImage@2x.png */,
				DC7746671848259800888915 /* segment_1px_no_select.png */,
				DC7746681848259800888915 /* segment_1px_no_select@2x.png */,
				DC7746691848259800888915 /* segment_1px_selected.png */,
				DC77466A1848259800888915 /* segment_1px_selected@2x.png */,
				DC77466B1848259800888915 /* segment_divider.png */,
				DC77466C1848259800888915 /* segment_divider@2x.png */,
				DC77466D1848259800888915 /* split@2x.png */,
				DC77466E1848259800888915 /* split_round@2x.png */,
				DC77466F1848259800888915 /* switch_off@2x.png */,
				DC7746701848259800888915 /* switch_on@2x.png */,
				DC7746711848259800888915 /* switchOne_off@2x.png */,
				DC7746721848259800888915 /* switchOne_on@2x.png */,
				DC7746731848259800888915 /* switchTwo_off@2x.png */,
				DC7746741848259800888915 /* switchTwo_on@2x.png */,
				DC7746751848259800888915 /* textboxSplit@2x.png */,
				DC7746761848259800888915 /* video_capture_icon@2x.png */,
				DC7746771848259800888915 /* zoom_normal@2x.png */,
				DC7746781848259800888915 /* zoom_out@2x.png */,
				DC7746791848259800888915 /* zoom_selected@2x.png */,
			);
			path = resources;
			sourceTree = "<group>";
		};
		DC77467D1848259800888915 /* CustomView */ = {
			isa = PBXGroup;
			children = (
				DC964E2518577A9700E740FF /* SliderBar */,
				DC77467E1848259800888915 /* CustonSwitch */,
				DC8F6596184CA1AB00953DBA /* PSSegmentControl.h */,
				DC8F6597184CA1AB00953DBA /* PSSegmentControl.m */,
			);
			path = CustomView;
			sourceTree = "<group>";
		};
		DC77467E1848259800888915 /* CustonSwitch */ = {
			isa = PBXGroup;
			children = (
				DC77467F1848259800888915 /* CustomSwitch.h */,
				DC7746801848259800888915 /* CustomSwitch.m */,
				DC7746811848259800888915 /* CustomSwitch.xib */,
			);
			path = CustonSwitch;
			sourceTree = "<group>";
		};
		DC7746821848259800888915 /* Filter */ = {
			isa = PBXGroup;
			children = (
				DC7746831848259800888915 /* PSBrightness.h */,
				DC7746841848259800888915 /* PSBrightness.m */,
				DC7746851848259800888915 /* PSContrast.h */,
				DC7746861848259800888915 /* PSContrast.m */,
				DC7746871848259800888915 /* PSCrop.h */,
				DC7746881848259800888915 /* PSCrop.m */,
				DC7746891848259800888915 /* PSExposureCompensation.h */,
				DC77468A1848259800888915 /* PSExposureCompensation.m */,
				DC77468B1848259800888915 /* PSExposureMode.h */,
				DC77468C1848259800888915 /* PSExposureMode.m */,
				DC77468D1848259800888915 /* PSFaceDetection.h */,
				DC77468E1848259800888915 /* PSFaceDetection.m */,
				DC77468F1848259800888915 /* PSFocusMode.h */,
				DC7746901848259800888915 /* PSFocusMode.m */,
				DC7746911848259800888915 /* PSMotionDetector.h */,
				DC7746921848259800888915 /* PSMotionDetector.m */,
				DC7746931848259800888915 /* PSRGB.h */,
				DC7746941848259800888915 /* PSRGB.m */,
				DC7746951848259800888915 /* PSSaturation.h */,
				DC7746961848259800888915 /* PSSaturation.m */,
				DC7746971848259800888915 /* PSSceneMode.h */,
				DC7746981848259800888915 /* PSSceneMode.m */,
				DC7746991848259800888915 /* PSSharpness.h */,
				DC77469A1848259800888915 /* PSSharpness.m */,
				DC77469B1848259800888915 /* PSTransform_2D.h */,
				DC77469C1848259800888915 /* PSTransform_2D.m */,
				DC77469D1848259800888915 /* PSTransform_3D.h */,
				DC77469E1848259800888915 /* PSTransform_3D.m */,
				DC77469F1848259800888915 /* PSWhiteBalance.h */,
				DC7746A01848259800888915 /* PSWhiteBalance.m */,
			);
			path = Filter;
			sourceTree = "<group>";
		};
		DC8BB779186A03E2001D4E28 /* ELCImagePicker */ = {
			isa = PBXGroup;
			children = (
				DC8BB77A186A03E2001D4E28 /* ELCAlbumPickerController.h */,
				DC8BB77B186A03E2001D4E28 /* ELCAlbumPickerController.m */,
				DC8BB77C186A03E2001D4E28 /* ELCAsset.h */,
				DC8BB77D186A03E2001D4E28 /* ELCAsset.m */,
				DC8BB77E186A03E2001D4E28 /* ELCAssetCell.h */,
				DC8BB77F186A03E2001D4E28 /* ELCAssetCell.m */,
				DC8BB780186A03E2001D4E28 /* ELCAssetPickerFilterDelegate.h */,
				DC8BB781186A03E2001D4E28 /* ELCAssetSelectionDelegate.h */,
				DC8BB782186A03E2001D4E28 /* ELCAssetTablePicker.h */,
				DC8BB783186A03E2001D4E28 /* ELCAssetTablePicker.m */,
				DC8BB784186A03E2001D4E28 /* ELCImagePickerController.h */,
				DC8BB785186A03E2001D4E28 /* ELCImagePickerController.m */,
				DC8BB786186A03E2001D4E28 /* Resources */,
			);
			path = ELCImagePicker;
			sourceTree = "<group>";
		};
		DC8BB786186A03E2001D4E28 /* Resources */ = {
			isa = PBXGroup;
			children = (
				DC8BB787186A03E2001D4E28 /* ELCAlbumPickerController.xib */,
				DC8BB788186A03E2001D4E28 /* ELCAssetPicker.xib */,
				DC8BB789186A03E2001D4E28 /* ELCAssetTablePicker.xib */,
				DC8BB78A186A03E2001D4E28 /* Overlay.png */,
				DC8BB78B186A03E2001D4E28 /* Overlay@2x.png */,
			);
			path = Resources;
			sourceTree = "<group>";
		};
		DC964E2518577A9700E740FF /* SliderBar */ = {
			isa = PBXGroup;
			children = (
				DC964E2618577AC600E740FF /* TVCalibratedSlider.h */,
				DC964E2718577AC600E740FF /* TVCalibratedSlider.m */,
				DC964E2818577AC600E740FF /* TVSlider.h */,
				DC964E2918577AC600E740FF /* TVSlider.m */,
			);
			name = SliderBar;
			sourceTree = "<group>";
		};
/* End PBXGroup section */

/* Begin PBXNativeTarget section */
		DC7746001848208200888915 /* PhoneSkope */ = {
			isa = PBXNativeTarget;
			buildConfigurationList = DC77462D1848208300888915 /* Build configuration list for PBXNativeTarget "PhoneSkope" */;
			buildPhases = (
				DC7745FD1848208200888915 /* Sources */,
				DC7745FE1848208200888915 /* Frameworks */,
				DC7745FF1848208200888915 /* Resources */,
			);
			buildRules = (
			);
			dependencies = (
			);
			name = PhoneSkope;
			productName = PhoneSkope;
			productReference = DC7746011848208200888915 /* PhoneSkope.app */;
			productType = "com.apple.product-type.application";
		};
		DC77461B1848208200888915 /* PhoneSkopeTests */ = {
			isa = PBXNativeTarget;
			buildConfigurationList = DC7746301848208300888915 /* Build configuration list for PBXNativeTarget "PhoneSkopeTests" */;
			buildPhases = (
				DC7746181848208200888915 /* Sources */,
				DC7746191848208200888915 /* Frameworks */,
				DC77461A1848208200888915 /* Resources */,
			);
			buildRules = (
			);
			dependencies = (
				DC7746221848208300888915 /* PBXTargetDependency */,
			);
			name = PhoneSkopeTests;
			productName = PhoneSkopeTests;
			productReference = DC77461C1848208200888915 /* PhoneSkopeTests.xctest */;
			productType = "com.apple.product-type.bundle.unit-test";
		};
/* End PBXNativeTarget section */

/* Begin PBXProject section */
		DC7745F91848208200888915 /* Project object */ = {
			isa = PBXProject;
			attributes = {
				CLASSPREFIX = PS;
				LastUpgradeCheck = 0500;
				ORGANIZATIONNAME = com;
				TargetAttributes = {
					DC77461B1848208200888915 = {
						TestTargetID = DC7746001848208200888915;
					};
				};
			};
			buildConfigurationList = DC7745FC1848208200888915 /* Build configuration list for PBXProject "PhoneSkope" */;
			compatibilityVersion = "Xcode 3.2";
			developmentRegion = English;
			hasScannedForEncodings = 0;
			knownRegions = (
				en,
			);
			mainGroup = DC7745F81848208200888915;
			productRefGroup = DC7746021848208200888915 /* Products */;
			projectDirPath = "";
			projectRoot = "";
			targets = (
				DC7746001848208200888915 /* PhoneSkope */,
				DC77461B1848208200888915 /* PhoneSkopeTests */,
			);
		};
/* End PBXProject section */

/* Begin PBXResourcesBuildPhase section */
		DC7745FF1848208200888915 /* Resources */ = {
			isa = PBXResourcesBuildPhase;
			buildActionMask = 2147483647;
			files = (
				DC7746DD1848259800888915 /* switchTwo_on@2x.png in Resources */,
				DC7746D81848259800888915 /* switch_off@2x.png in Resources */,
				DCD02452186C80DB00930DC3 /* Icon-72@2x.png in Resources */,
				DC964E3718577F8F00E740FF /* marker@2x.png in Resources */,
				DC7746B51848259800888915 /* camera_rotate_image@2x.png in Resources */,
				DC7746C41848259800888915 /* infor_leftbutton@2x.png in Resources */,
				DC7746CA1848259800888915 /* optionbutton_highlight@2x.png in Resources */,
				DC90EDF918603B2E00CB6A64 /* Default-568h@2x.png in Resources */,
				DC7746C31848259800888915 /* infor@2x.png in Resources */,
				DCD02454186C80DB00930DC3 /* icon@2x.png in Resources */,
				DC964E3E18577F8F00E740FF /* slider_normal.png in Resources */,
				DC7746DE1848259800888915 /* textboxSplit@2x.png in Resources */,
				DCD02451186C80DB00930DC3 /* Icon-72.png in Resources */,
				DC7746BD1848259800888915 /* icon-flash-off-focus@2x.png in Resources */,
				DC7746C11848259800888915 /* icon-flash@2x.png in Resources */,
				DC7746AF1848259800888915 /* bg-flash-btn-no-select@2x.png in Resources */,
				DC7746D61848259800888915 /* split@2x.png in Resources */,
				DCD0245C186C81D000930DC3 /* icon80x80.png in Resources */,
				DC7746F718482B4400888915 /* bg.png in Resources */,
				DC7746D31848259800888915 /* segment_1px_selected@2x.png in Resources */,
				DC7746BC1848259800888915 /* icon-flash-focus@2x.png in Resources */,
				DC72BA4418770B2F000A4A65 /* gridview_pt@2x.png in Resources */,
				DC7746AB1848259800888915 /* bg-btn-no-select.png in Resources */,
				DC7746B81848259800888915 /* flash_icon@2x.png in Resources */,
				DC7746B31848259800888915 /* camera_icon@2x.png in Resources */,
				DC7746BF1848259800888915 /* icon-flash-sound-focus@2x.png in Resources */,
				DC7746C51848259800888915 /* infor_rightbutton@2x.png in Resources */,
				DC7746B21848259800888915 /* camera_background@2x.png in Resources */,
				DC90EDFB18603B2E00CB6A64 /* Default~iphone.png in Resources */,
				DC7746DF1848259800888915 /* video_capture_icon@2x.png in Resources */,
				DC8BB795186A03E2001D4E28 /* Overlay@2x.png in Resources */,
				DC72BA4218770B2F000A4A65 /* gridview_lc@2x.png in Resources */,
				DC7746AC1848259800888915 /* bg-btn-no-select@2x.png in Resources */,
				DC964E3818577F8F00E740FF /* slider_blue.png in Resources */,
				DC7746CF1848259800888915 /* rectImage@2x.png in Resources */,
				DC4DCD77185A2073003C8EE0 /* close-icon.png in Resources */,
				DC7746DA1848259800888915 /* switchOne_off@2x.png in Resources */,
				DC7746C01848259800888915 /* icon-flash-sound@2x.png in Resources */,
				DC7746E01848259800888915 /* zoom_normal@2x.png in Resources */,
				DC30BE72186DBA8D0038E94D /* ps_capture_icon@2x.png in Resources */,
				DC7746CD1848259800888915 /* photo_menu_icon@2x.png in Resources */,
				DC7746BE1848259800888915 /* icon-flash-off@2x.png in Resources */,
				DC7746B61848259800888915 /* camera_start_rotate_image@2x.png in Resources */,
				DC317AA41860B0F500B66D89 /* buttom_bar_portrain@2x.png in Resources */,
				DC7746D41848259800888915 /* segment_divider.png in Resources */,
				DC7746DC1848259800888915 /* switchTwo_off@2x.png in Resources */,
				DC77460F1848208200888915 /* InfoPlist.strings in Resources */,
				DC964E3A18577F8F00E740FF /* slider_gray.png in Resources */,
				DC4DCD78185A2073003C8EE0 /* close-icon@2x.png in Resources */,
				DC8BB791186A03E2001D4E28 /* ELCAlbumPickerController.xib in Resources */,
				DC90EDFA18603B2E00CB6A64 /* Default.png in Resources */,
				DCD02456186C813500930DC3 /* icon_restina@2x.png in Resources */,
				DC7746E11848259800888915 /* zoom_out@2x.png in Resources */,
				DC964E3F18577F8F00E740FF /* slider_normal@2x.png in Resources */,
				DC964E3918577F8F00E740FF /* slider_blue@2x.png in Resources */,
				DC7746D01848259800888915 /* segment_1px_no_select.png in Resources */,
				DC7746B91848259800888915 /* flash_select@2x.png in Resources */,
				DC7746B71848259800888915 /* check-icon@2x.png in Resources */,
				DC7746CE1848259800888915 /* photo_menu_icon_highlight@2x.png in Resources */,
				DC7746D51848259800888915 /* segment_divider@2x.png in Resources */,
				DC7746DB1848259800888915 /* switchOne_on@2x.png in Resources */,
				DC7746A61848259800888915 /* PSCustomCell.xib in Resources */,
				DC7746B11848259800888915 /* buttom_bar@2x.png in Resources */,
				DC964E3B18577F8F00E740FF /* slider_gray@2x.png in Resources */,
				DC8BB792186A03E2001D4E28 /* ELCAssetPicker.xib in Resources */,
				DC7746C81848259800888915 /* next@2x.png in Resources */,
				DCD0245F186C841700930DC3 /* info.png in Resources */,
				DC7746E51848259800888915 /* CustomSwitch.xib in Resources */,
				DC7746A81848259800888915 /* PSCameraViewController.xib in Resources */,
				DC7746D91848259800888915 /* switch_on@2x.png in Resources */,
				DC7746E21848259800888915 /* zoom_selected@2x.png in Resources */,
				DC8BB79A186A03FB001D4E28 /* GalleryViewController.xib in Resources */,
				DC7746C91848259800888915 /* optionButton@2x.png in Resources */,
				DC7746AA1848259800888915 /* A_letter@2x.png in Resources */,
				DC7746C71848259800888915 /* menulist_icon_highlight@2x.png in Resources */,
				DC8BB793186A03E2001D4E28 /* ELCAssetTablePicker.xib in Resources */,
				DCD0245B186C81D000930DC3 /* icon58x58.png in Resources */,
				DC7746AD1848259800888915 /* bg-btn-selected.png in Resources */,
				DC3B7145186DC1DF00B8A3EE /* photo_icon@2x.png in Resources */,
				DCD0245A186C81D000930DC3 /* icon29x29.png in Resources */,
				DC30BE71186DBA8D0038E94D /* ps_capture_icon.png in Resources */,
				DC7746CC1848259800888915 /* other_menu_icon@2x.png in Resources */,
				DC964E3D18577F8F00E740FF /* slider_hover@2x.png in Resources */,
				DC7746171848208200888915 /* Images.xcassets in Resources */,
				DC7746D71848259800888915 /* split_round@2x.png in Resources */,
				DC964E3C18577F8F00E740FF /* slider_hover.png in Resources */,
				DCD02453186C80DB00930DC3 /* icon.png in Resources */,
				DC86B2BB1875BB9900ED72E1 /* img_thumb.png in Resources */,
				DC7746BB1848259800888915 /* icon-flash-auto@2x.png in Resources */,
				DC7746D21848259800888915 /* segment_1px_selected.png in Resources */,
				DC7746BA1848259800888915 /* icon-flash-auto-focus@2x.png in Resources */,
				DC3B7143186DC1DF00B8A3EE /* camera_icon.png in Resources */,
				DC72BA4318770B2F000A4A65 /* gridview_pt.png in Resources */,
				DC7746B01848259800888915 /* bg-flash-btn-selected@2x.png in Resources */,
				DC7746B41848259800888915 /* camera_menu_icon@2x.png in Resources */,
				DC7746C61848259800888915 /* menulist_icon@2x.png in Resources */,
				DC90EDF818603B2E00CB6A64 /* splash-ip5.png in Resources */,
				DC7746AE1848259800888915 /* bg-btn-selected@2x.png in Resources */,
				DC86B2BC1875BB9900ED72E1 /* img_thumb@2x.png in Resources */,
				DC7746CB1848259800888915 /* other_background@2x.png in Resources */,
				DC7746D11848259800888915 /* segment_1px_no_select@2x.png in Resources */,
				DC72BA4118770B2F000A4A65 /* gridview_lc.png in Resources */,
				DC8BB794186A03E2001D4E28 /* Overlay.png in Resources */,
				DCD02460186C841700930DC3 /* info@2x.png in Resources */,
				DC964E3618577F8F00E740FF /* marker.png in Resources */,
				DC3B7144186DC1DF00B8A3EE /* photo_icon.png in Resources */,
			);
			runOnlyForDeploymentPostprocessing = 0;
		};
		DC77461A1848208200888915 /* Resources */ = {
			isa = PBXResourcesBuildPhase;
			buildActionMask = 2147483647;
			files = (
				DC7746281848208300888915 /* InfoPlist.strings in Resources */,
			);
			runOnlyForDeploymentPostprocessing = 0;
		};
/* End PBXResourcesBuildPhase section */

/* Begin PBXSourcesBuildPhase section */
		DC7745FD1848208200888915 /* Sources */ = {
			isa = PBXSourcesBuildPhase;
			buildActionMask = 2147483647;
			files = (
				DC7746F31848259800888915 /* PSTransform_3D.m in Sources */,
				DC7746EE1848259800888915 /* PSRGB.m in Sources */,
				DC8BB790186A03E2001D4E28 /* ELCImagePickerController.m in Sources */,
				DC7746111848208200888915 /* main.m in Sources */,
				DC7746F01848259800888915 /* PSSceneMode.m in Sources */,
				DC7746151848208200888915 /* PSAppDelegate.m in Sources */,
				DC7746E41848259800888915 /* CustomSwitch.m in Sources */,
				DC7746A71848259800888915 /* PSCameraViewController.m in Sources */,
				DC964E2B18577AC700E740FF /* TVSlider.m in Sources */,
				DC7746EC1848259800888915 /* PSFocusMode.m in Sources */,
				DC7746ED1848259800888915 /* PSMotionDetector.m in Sources */,
				DC8BB78D186A03E2001D4E28 /* ELCAsset.m in Sources */,
				DC7746E91848259800888915 /* PSExposureCompensation.m in Sources */,
				DC7746EA1848259800888915 /* PSExposureMode.m in Sources */,
				DC7746E61848259800888915 /* PSBrightness.m in Sources */,
				DC7746EB1848259800888915 /* PSFaceDetection.m in Sources */,
				DC7746A91848259800888915 /* PSFilterManager.m in Sources */,
				DC964E2A18577AC700E740FF /* TVCalibratedSlider.m in Sources */,
				DC8BB799186A03FB001D4E28 /* GalleryViewController.m in Sources */,
				DC7746EF1848259800888915 /* PSSaturation.m in Sources */,
				DC7746A51848259800888915 /* PSCustomCell.m in Sources */,
				DC7746F41848259800888915 /* PSWhiteBalance.m in Sources */,
				DC617178184C18B600F5B2D5 /* PSFilterData.m in Sources */,
				DC8BB78E186A03E2001D4E28 /* ELCAssetCell.m in Sources */,
				DC7746E81848259800888915 /* PSCrop.m in Sources */,
				DC8F6598184CA1AB00953DBA /* PSSegmentControl.m in Sources */,
				DC8BB78F186A03E2001D4E28 /* ELCAssetTablePicker.m in Sources */,
				DC8BB78C186A03E2001D4E28 /* ELCAlbumPickerController.m in Sources */,
				DC7746E71848259800888915 /* PSContrast.m in Sources */,
				DC7746F11848259800888915 /* PSSharpness.m in Sources */,
				DC7746F21848259800888915 /* PSTransform_2D.m in Sources */,
			);
			runOnlyForDeploymentPostprocessing = 0;
		};
		DC7746181848208200888915 /* Sources */ = {
			isa = PBXSourcesBuildPhase;
			buildActionMask = 2147483647;
			files = (
				DC77462A1848208300888915 /* PhoneSkopeTests.m in Sources */,
			);
			runOnlyForDeploymentPostprocessing = 0;
		};
/* End PBXSourcesBuildPhase section */

/* Begin PBXTargetDependency section */
		DC7746221848208300888915 /* PBXTargetDependency */ = {
			isa = PBXTargetDependency;
			target = DC7746001848208200888915 /* PhoneSkope */;
			targetProxy = DC7746211848208300888915 /* PBXContainerItemProxy */;
		};
/* End PBXTargetDependency section */

/* Begin PBXVariantGroup section */
		DC77460D1848208200888915 /* InfoPlist.strings */ = {
			isa = PBXVariantGroup;
			children = (
				DC77460E1848208200888915 /* en */,
			);
			name = InfoPlist.strings;
			sourceTree = "<group>";
		};
		DC7746261848208300888915 /* InfoPlist.strings */ = {
			isa = PBXVariantGroup;
			children = (
				DC7746271848208300888915 /* en */,
			);
			name = InfoPlist.strings;
			sourceTree = "<group>";
		};
/* End PBXVariantGroup section */

/* Begin XCBuildConfiguration section */
		DC77462B1848208300888915 /* Debug */ = {
			isa = XCBuildConfiguration;
			buildSettings = {
				ALWAYS_SEARCH_USER_PATHS = NO;
				ARCHS = "$(ARCHS_STANDARD_INCLUDING_64_BIT)";
				CLANG_CXX_LANGUAGE_STANDARD = "gnu++0x";
				CLANG_CXX_LIBRARY = "libc++";
				CLANG_ENABLE_MODULES = YES;
				CLANG_ENABLE_OBJC_ARC = YES;
				CLANG_WARN_BOOL_CONVERSION = YES;
				CLANG_WARN_CONSTANT_CONVERSION = YES;
				CLANG_WARN_DIRECT_OBJC_ISA_USAGE = YES_ERROR;
				CLANG_WARN_EMPTY_BODY = YES;
				CLANG_WARN_ENUM_CONVERSION = YES;
				CLANG_WARN_INT_CONVERSION = YES;
				CLANG_WARN_OBJC_ROOT_CLASS = YES_ERROR;
				CLANG_WARN__DUPLICATE_METHOD_MATCH = YES;
				"CODE_SIGN_IDENTITY[sdk=iphoneos*]" = "iPhone Developer";
				COPY_PHASE_STRIP = NO;
				GCC_C_LANGUAGE_STANDARD = gnu99;
				GCC_DYNAMIC_NO_PIC = NO;
				GCC_OPTIMIZATION_LEVEL = 0;
				GCC_PREPROCESSOR_DEFINITIONS = (
					"DEBUG=1",
					"$(inherited)",
				);
				GCC_SYMBOLS_PRIVATE_EXTERN = NO;
				GCC_WARN_64_TO_32_BIT_CONVERSION = YES;
				GCC_WARN_ABOUT_RETURN_TYPE = YES_ERROR;
				GCC_WARN_UNDECLARED_SELECTOR = YES;
				GCC_WARN_UNINITIALIZED_AUTOS = YES;
				GCC_WARN_UNUSED_FUNCTION = YES;
				GCC_WARN_UNUSED_VARIABLE = YES;
				IPHONEOS_DEPLOYMENT_TARGET = 7.0;
				ONLY_ACTIVE_ARCH = YES;
				SDKROOT = iphoneos;
				TARGETED_DEVICE_FAMILY = "1,2";
			};
			name = Debug;
		};
		DC77462C1848208300888915 /* Release */ = {
			isa = XCBuildConfiguration;
			buildSettings = {
				ALWAYS_SEARCH_USER_PATHS = NO;
				ARCHS = "$(ARCHS_STANDARD_INCLUDING_64_BIT)";
				CLANG_CXX_LANGUAGE_STANDARD = "gnu++0x";
				CLANG_CXX_LIBRARY = "libc++";
				CLANG_ENABLE_MODULES = YES;
				CLANG_ENABLE_OBJC_ARC = YES;
				CLANG_WARN_BOOL_CONVERSION = YES;
				CLANG_WARN_CONSTANT_CONVERSION = YES;
				CLANG_WARN_DIRECT_OBJC_ISA_USAGE = YES_ERROR;
				CLANG_WARN_EMPTY_BODY = YES;
				CLANG_WARN_ENUM_CONVERSION = YES;
				CLANG_WARN_INT_CONVERSION = YES;
				CLANG_WARN_OBJC_ROOT_CLASS = YES_ERROR;
				CLANG_WARN__DUPLICATE_METHOD_MATCH = YES;
				"CODE_SIGN_IDENTITY[sdk=iphoneos*]" = "iPhone Developer";
				COPY_PHASE_STRIP = YES;
				ENABLE_NS_ASSERTIONS = NO;
				GCC_C_LANGUAGE_STANDARD = gnu99;
				GCC_WARN_64_TO_32_BIT_CONVERSION = YES;
				GCC_WARN_ABOUT_RETURN_TYPE = YES_ERROR;
				GCC_WARN_UNDECLARED_SELECTOR = YES;
				GCC_WARN_UNINITIALIZED_AUTOS = YES;
				GCC_WARN_UNUSED_FUNCTION = YES;
				GCC_WARN_UNUSED_VARIABLE = YES;
				IPHONEOS_DEPLOYMENT_TARGET = 7.0;
				SDKROOT = iphoneos;
				TARGETED_DEVICE_FAMILY = "1,2";
				VALIDATE_PRODUCT = YES;
			};
			name = Release;
		};
		DC77462E1848208300888915 /* Debug */ = {
			isa = XCBuildConfiguration;
			buildSettings = {
				ARCHS = "$(ARCHS_STANDARD)";
				CODE_SIGN_IDENTITY = "iPhone Developer: Cheston Davis (H2DLMM36P5)";
				"CODE_SIGN_IDENTITY[sdk=iphoneos*]" = "iPhone Developer: Cheston Davis (H2DLMM36P5)";
				FRAMEWORK_SEARCH_PATHS = (
					"$(inherited)",
					"/Users/trungung/iProway_project/git-project/test/PhoneSkope",
					"/Users/trungung/iProway_project/git-project/test/PhoneSkope/PhoneSkope/libs",
				);
				GCC_PRECOMPILE_PREFIX_HEADER = YES;
				GCC_PREFIX_HEADER = "PhoneSkope/PhoneSkope-Prefix.pch";
				INFOPLIST_FILE = "PhoneSkope/PhoneSkope-Info.plist";
				IPHONEOS_DEPLOYMENT_TARGET = 6.0;
				PRODUCT_NAME = "$(TARGET_NAME)";
				PROVISIONING_PROFILE = "9BD5DD81-338F-4761-9B55-43B1670C1B46";
				TARGETED_DEVICE_FAMILY = 1;
				WRAPPER_EXTENSION = app;
			};
			name = Debug;
		};
		DC77462F1848208300888915 /* Release */ = {
			isa = XCBuildConfiguration;
			buildSettings = {
				ARCHS = "$(ARCHS_STANDARD)";
				CODE_SIGN_IDENTITY = "iPhone Developer: Cheston Davis (H2DLMM36P5)";
				"CODE_SIGN_IDENTITY[sdk=iphoneos*]" = "iPhone Developer: Cheston Davis (H2DLMM36P5)";
				FRAMEWORK_SEARCH_PATHS = (
					"$(inherited)",
					"/Users/trungung/iProway_project/git-project/test/PhoneSkope",
					"/Users/trungung/iProway_project/git-project/test/PhoneSkope/PhoneSkope/libs",
				);
				GCC_PRECOMPILE_PREFIX_HEADER = YES;
				GCC_PREFIX_HEADER = "PhoneSkope/PhoneSkope-Prefix.pch";
				INFOPLIST_FILE = "PhoneSkope/PhoneSkope-Info.plist";
				IPHONEOS_DEPLOYMENT_TARGET = 6.0;
				PRODUCT_NAME = "$(TARGET_NAME)";
				PROVISIONING_PROFILE = "9BD5DD81-338F-4761-9B55-43B1670C1B46";
				TARGETED_DEVICE_FAMILY = 1;
				WRAPPER_EXTENSION = app;
			};
			name = Release;
		};
		DC7746311848208300888915 /* Debug */ = {
			isa = XCBuildConfiguration;
			buildSettings = {
				ARCHS = "$(ARCHS_STANDARD_INCLUDING_64_BIT)";
				BUNDLE_LOADER = "$(BUILT_PRODUCTS_DIR)/PhoneSkope.app/PhoneSkope";
				FRAMEWORK_SEARCH_PATHS = (
					"$(SDKROOT)/Developer/Library/Frameworks",
					"$(inherited)",
					"$(DEVELOPER_FRAMEWORKS_DIR)",
				);
				GCC_PRECOMPILE_PREFIX_HEADER = YES;
				GCC_PREFIX_HEADER = "PhoneSkope/PhoneSkope-Prefix.pch";
				GCC_PREPROCESSOR_DEFINITIONS = (
					"DEBUG=1",
					"$(inherited)",
				);
				INFOPLIST_FILE = "PhoneSkopeTests/PhoneSkopeTests-Info.plist";
				PRODUCT_NAME = "$(TARGET_NAME)";
				TEST_HOST = "$(BUNDLE_LOADER)";
				WRAPPER_EXTENSION = xctest;
			};
			name = Debug;
		};
		DC7746321848208300888915 /* Release */ = {
			isa = XCBuildConfiguration;
			buildSettings = {
				ARCHS = "$(ARCHS_STANDARD_INCLUDING_64_BIT)";
				BUNDLE_LOADER = "$(BUILT_PRODUCTS_DIR)/PhoneSkope.app/PhoneSkope";
				FRAMEWORK_SEARCH_PATHS = (
					"$(SDKROOT)/Developer/Library/Frameworks",
					"$(inherited)",
					"$(DEVELOPER_FRAMEWORKS_DIR)",
				);
				GCC_PRECOMPILE_PREFIX_HEADER = YES;
				GCC_PREFIX_HEADER = "PhoneSkope/PhoneSkope-Prefix.pch";
				INFOPLIST_FILE = "PhoneSkopeTests/PhoneSkopeTests-Info.plist";
				PRODUCT_NAME = "$(TARGET_NAME)";
				TEST_HOST = "$(BUNDLE_LOADER)";
				WRAPPER_EXTENSION = xctest;
			};
			name = Release;
		};
/* End XCBuildConfiguration section */

/* Begin XCConfigurationList section */
		DC7745FC1848208200888915 /* Build configuration list for PBXProject "PhoneSkope" */ = {
			isa = XCConfigurationList;
			buildConfigurations = (
				DC77462B1848208300888915 /* Debug */,
				DC77462C1848208300888915 /* Release */,
			);
			defaultConfigurationIsVisible = 0;
			defaultConfigurationName = Release;
		};
		DC77462D1848208300888915 /* Build configuration list for PBXNativeTarget "PhoneSkope" */ = {
			isa = XCConfigurationList;
			buildConfigurations = (
				DC77462E1848208300888915 /* Debug */,
				DC77462F1848208300888915 /* Release */,
			);
			defaultConfigurationIsVisible = 0;
			defaultConfigurationName = Release;
		};
		DC7746301848208300888915 /* Build configuration list for PBXNativeTarget "PhoneSkopeTests" */ = {
			isa = XCConfigurationList;
			buildConfigurations = (
				DC7746311848208300888915 /* Debug */,
				DC7746321848208300888915 /* Release */,
			);
			defaultConfigurationIsVisible = 0;
			defaultConfigurationName = Release;
		};
/* End XCConfigurationList section */
	};
	rootObject = DC7745F91848208200888915 /* Project object */;
}
